// !$*UTF8*$!
{
	archiveVersion = 1;
	classes = {
	};
	objectVersion = 55;
	objects = {

/* Begin PBXBuildFile section */
		27F75B78F7AFE1CACC07B5AF /* Pods_Beforeget_iOS.framework in Frameworks */ = {isa = PBXBuildFile; fileRef = 158141424A1465ED3870E972 /* Pods_Beforeget_iOS.framework */; };
		5B304B71278824C80054314A /* swiftgen.yml in Resources */ = {isa = PBXBuildFile; fileRef = 5B304B70278824C80054314A /* swiftgen.yml */; };
		5B304B752788257F0054314A /* Colors.xcassets in Resources */ = {isa = PBXBuildFile; fileRef = 5B304B742788257E0054314A /* Colors.xcassets */; };
		5B304B7727882AF30054314A /* Assets+Generated.swift in Sources */ = {isa = PBXBuildFile; fileRef = 5B304B7627882AF30054314A /* Assets+Generated.swift */; };
		5B304B792788304B0054314A /* Fonts.swift in Sources */ = {isa = PBXBuildFile; fileRef = 5B304B782788304B0054314A /* Fonts.swift */; };
		5B5FFCC22797357D00336A35 /* Token.swift in Sources */ = {isa = PBXBuildFile; fileRef = 5B5FFCC12797357D00336A35 /* Token.swift */; };
		5B6D7F80278A2A8F00202230 /* BackButton.swift in Sources */ = {isa = PBXBuildFile; fileRef = 5B6D7F7F278A2A8F00202230 /* BackButton.swift */; };
		5B6D7F82278A2BCF00202230 /* CloseButton.swift in Sources */ = {isa = PBXBuildFile; fileRef = 5B6D7F81278A2BCF00202230 /* CloseButton.swift */; };
		5B7BD0F9278C4F69000BC0FA /* MyRecordTableViewCell.swift in Sources */ = {isa = PBXBuildFile; fileRef = 5B7BD0F8278C4F69000BC0FA /* MyRecordTableViewCell.swift */; };
		5B7BD106278CA2E0000BC0FA /* FilterView.swift in Sources */ = {isa = PBXBuildFile; fileRef = 5B7BD105278CA2E0000BC0FA /* FilterView.swift */; };
		5B7BD108278CD324000BC0FA /* FilterModalViewController.swift in Sources */ = {isa = PBXBuildFile; fileRef = 5B7BD107278CD324000BC0FA /* FilterModalViewController.swift */; };
		5B7BD10C278D870F000BC0FA /* MenuBarView.swift in Sources */ = {isa = PBXBuildFile; fileRef = 5B7BD10B278D870F000BC0FA /* MenuBarView.swift */; };
		5B7BD10E278D8AE9000BC0FA /* MenuBarCollectionViewCell.swift in Sources */ = {isa = PBXBuildFile; fileRef = 5B7BD10D278D8AE8000BC0FA /* MenuBarCollectionViewCell.swift */; };
		5B7BD111278D8B6C000BC0FA /* Menu.swift in Sources */ = {isa = PBXBuildFile; fileRef = 5B7BD110278D8B6C000BC0FA /* Menu.swift */; };
		5B7BD118278DA2D2000BC0FA /* FilterCollectionViewCell.swift in Sources */ = {isa = PBXBuildFile; fileRef = 5B7BD117278DA2D2000BC0FA /* FilterCollectionViewCell.swift */; };
		5B7BD11B278DC50C000BC0FA /* Record.swift in Sources */ = {isa = PBXBuildFile; fileRef = 5B7BD11A278DC50C000BC0FA /* Record.swift */; };
		5B82542D27917F3A004BDA5D /* UIImage+.swift in Sources */ = {isa = PBXBuildFile; fileRef = 5B82542C27917F3A004BDA5D /* UIImage+.swift */; };
		5B82542F279182E3004BDA5D /* ReviewTagCollectionViewCell.swift in Sources */ = {isa = PBXBuildFile; fileRef = 5B82542E279182E3004BDA5D /* ReviewTagCollectionViewCell.swift */; };
		5B8254312791895C004BDA5D /* LeftAlignmentCollectionViewFlowLayout.swift in Sources */ = {isa = PBXBuildFile; fileRef = 5B8254302791895C004BDA5D /* LeftAlignmentCollectionViewFlowLayout.swift */; };
		5B82543327918CD5004BDA5D /* GenreCollectionViewCell.swift in Sources */ = {isa = PBXBuildFile; fileRef = 5B82543227918CD5004BDA5D /* GenreCollectionViewCell.swift */; };
		5B82543727918D23004BDA5D /* StampCollectionViewCell.swift in Sources */ = {isa = PBXBuildFile; fileRef = 5B82543627918D23004BDA5D /* StampCollectionViewCell.swift */; };
		5B8254392791A623004BDA5D /* SongListTableViewCell.swift in Sources */ = {isa = PBXBuildFile; fileRef = 5B8254382791A623004BDA5D /* SongListTableViewCell.swift */; };
		5B83EF2D278E1AC400D07AC7 /* Filter.swift in Sources */ = {isa = PBXBuildFile; fileRef = 5B83EF2C278E1AC400D07AC7 /* Filter.swift */; };
		5B83EF2F278E1E2A00D07AC7 /* FilterButtonCollectionViewCell.swift in Sources */ = {isa = PBXBuildFile; fileRef = 5B83EF2E278E1E2A00D07AC7 /* FilterButtonCollectionViewCell.swift */; };
		5B83EF31278E381200D07AC7 /* DateTableViewCell.swift in Sources */ = {isa = PBXBuildFile; fileRef = 5B83EF30278E381200D07AC7 /* DateTableViewCell.swift */; };
		5B83EF33278E388C00D07AC7 /* DatePickerTableViewCell.swift in Sources */ = {isa = PBXBuildFile; fileRef = 5B83EF32278E388C00D07AC7 /* DatePickerTableViewCell.swift */; };
		5B86AEB9278F7B22001C4486 /* MediaCollectionViewCell.swift in Sources */ = {isa = PBXBuildFile; fileRef = 5B86AEB8278F7B22001C4486 /* MediaCollectionViewCell.swift */; };
		5B86AEBB278F7BC9001C4486 /* StarCollectionViewCell.swift in Sources */ = {isa = PBXBuildFile; fileRef = 5B86AEBA278F7BC9001C4486 /* StarCollectionViewCell.swift */; };
		5B8F1365279415FD00385D5E /* SettingViewController.swift in Sources */ = {isa = PBXBuildFile; fileRef = 5B8F1364279415FD00385D5E /* SettingViewController.swift */; };
		5B8F13672794655400385D5E /* Date+.swift in Sources */ = {isa = PBXBuildFile; fileRef = 5B8F13662794655400385D5E /* Date+.swift */; };
		5B8F136B2794C77900385D5E /* SettingTableViewCell.swift in Sources */ = {isa = PBXBuildFile; fileRef = 5B8F136A2794C77900385D5E /* SettingTableViewCell.swift */; };
		5B8F136E2794CA5B00385D5E /* SettingHeaderView.swift in Sources */ = {isa = PBXBuildFile; fileRef = 5B8F136D2794CA5B00385D5E /* SettingHeaderView.swift */; };
		5B8F13702794D37D00385D5E /* SettingFooterView.swift in Sources */ = {isa = PBXBuildFile; fileRef = 5B8F136F2794D37D00385D5E /* SettingFooterView.swift */; };
		5B8F13722794E57500385D5E /* BDSPopupView.swift in Sources */ = {isa = PBXBuildFile; fileRef = 5B8F13712794E57500385D5E /* BDSPopupView.swift */; };
		5B8F137A279576F600385D5E /* WritingSavePopupView.swift in Sources */ = {isa = PBXBuildFile; fileRef = 5B8F1379279576F600385D5E /* WritingSavePopupView.swift */; };
		5B8F137C2795776100385D5E /* WritingBackPopupView.swift in Sources */ = {isa = PBXBuildFile; fileRef = 5B8F137B2795776100385D5E /* WritingBackPopupView.swift */; };
		5B8F138227957A4A00385D5E /* PostSavePopupViewController.swift in Sources */ = {isa = PBXBuildFile; fileRef = 5B8F138127957A4A00385D5E /* PostSavePopupViewController.swift */; };
		5B8F138427957A5A00385D5E /* PostBackPopupViewController.swift in Sources */ = {isa = PBXBuildFile; fileRef = 5B8F138327957A5A00385D5E /* PostBackPopupViewController.swift */; };
		5B8F13882795847300385D5E /* CompleteViewController.swift in Sources */ = {isa = PBXBuildFile; fileRef = 5B8F13872795847300385D5E /* CompleteViewController.swift */; };
		5BB7A90A27959F7C0019633B /* DeletePopupView.swift in Sources */ = {isa = PBXBuildFile; fileRef = 5BB7A90827959F7C0019633B /* DeletePopupView.swift */; };
		5BB7A90B27959F7C0019633B /* EditPopupView.swift in Sources */ = {isa = PBXBuildFile; fileRef = 5BB7A90927959F7C0019633B /* EditPopupView.swift */; };
		5BB7A90E27959FA40019633B /* DetailRecordDeletePopupViewController.swift in Sources */ = {isa = PBXBuildFile; fileRef = 5BB7A90C27959FA40019633B /* DetailRecordDeletePopupViewController.swift */; };
		5BB7A90F27959FA40019633B /* DetailRecordEditPopupViewController.swift in Sources */ = {isa = PBXBuildFile; fileRef = 5BB7A90D27959FA40019633B /* DetailRecordEditPopupViewController.swift */; };
		5BD114932790B3680063EB3B /* UICollectionView+.swift in Sources */ = {isa = PBXBuildFile; fileRef = 5BD114922790B3670063EB3B /* UICollectionView+.swift */; };
		5BD114982790C1C20063EB3B /* DetailRecordViewController.swift in Sources */ = {isa = PBXBuildFile; fileRef = 5BD114972790C1C10063EB3B /* DetailRecordViewController.swift */; };
		5BD1149F2790C4390063EB3B /* CommentDetailTableViewCell.swift in Sources */ = {isa = PBXBuildFile; fileRef = 5BD1149E2790C4390063EB3B /* CommentDetailTableViewCell.swift */; };
		5BD114A12790C4440063EB3B /* ImageTableViewCell.swift in Sources */ = {isa = PBXBuildFile; fileRef = 5BD114A02790C4440063EB3B /* ImageTableViewCell.swift */; };
		5BD114A32790C44F0063EB3B /* CommaTableViewCell.swift in Sources */ = {isa = PBXBuildFile; fileRef = 5BD114A22790C44F0063EB3B /* CommaTableViewCell.swift */; };
		5BD114A52790C4570063EB3B /* GenreTableViewCell.swift in Sources */ = {isa = PBXBuildFile; fileRef = 5BD114A42790C4570063EB3B /* GenreTableViewCell.swift */; };
		5BD114A72790C45F0063EB3B /* TextTableViewCell.swift in Sources */ = {isa = PBXBuildFile; fileRef = 5BD114A62790C45F0063EB3B /* TextTableViewCell.swift */; };
		5BD114A92790C4680063EB3B /* SongTableViewCell.swift in Sources */ = {isa = PBXBuildFile; fileRef = 5BD114A82790C4680063EB3B /* SongTableViewCell.swift */; };
		5BD114AB2790C4730063EB3B /* LineTableViewCell.swift in Sources */ = {isa = PBXBuildFile; fileRef = 5BD114AA2790C4730063EB3B /* LineTableViewCell.swift */; };
		5BD114AD2790C4960063EB3B /* LinkTableViewCell.swift in Sources */ = {isa = PBXBuildFile; fileRef = 5BD114AC2790C4960063EB3B /* LinkTableViewCell.swift */; };
		5BD114AF2790C4A80063EB3B /* StampTableViewCell.swift in Sources */ = {isa = PBXBuildFile; fileRef = 5BD114AE2790C4A80063EB3B /* StampTableViewCell.swift */; };
		5BD114B12790C5BF0063EB3B /* DetailRecordSection.swift in Sources */ = {isa = PBXBuildFile; fileRef = 5BD114B02790C5BF0063EB3B /* DetailRecordSection.swift */; };
		5BD114B8279133710063EB3B /* CellTitleLabel.swift in Sources */ = {isa = PBXBuildFile; fileRef = 5BD114B7279133710063EB3B /* CellTitleLabel.swift */; };
		5BD114BA27913AE20063EB3B /* UIButton+.swift in Sources */ = {isa = PBXBuildFile; fileRef = 5BD114B927913AE20063EB3B /* UIButton+.swift */; };
		5BD114BC279175680063EB3B /* DetailRecordHeaderView.swift in Sources */ = {isa = PBXBuildFile; fileRef = 5BD114BB279175680063EB3B /* DetailRecordHeaderView.swift */; };
		920B5D142795AD05002DE112 /* ReportTopView.swift in Sources */ = {isa = PBXBuildFile; fileRef = 929CFB08278DE06500FCA541 /* ReportTopView.swift */; };
		920B5D152795AD0D002DE112 /* BarView.swift in Sources */ = {isa = PBXBuildFile; fileRef = 929CFB26278EBE6200FCA541 /* BarView.swift */; };
		920B5D162795AD11002DE112 /* BDSNavigationBar.swift in Sources */ = {isa = PBXBuildFile; fileRef = 5B6D7F8E278B3BEB00202230 /* BDSNavigationBar.swift */; };
		920B5D4127969C94002DE112 /* NetworkResult.swift in Sources */ = {isa = PBXBuildFile; fileRef = 920B5D4027969C94002DE112 /* NetworkResult.swift */; };
		920B5D4527969D0D002DE112 /* MoyaLoggerPlugin.swift in Sources */ = {isa = PBXBuildFile; fileRef = 920B5D4427969D0D002DE112 /* MoyaLoggerPlugin.swift */; };
		920B5D4727969D36002DE112 /* Main.swift in Sources */ = {isa = PBXBuildFile; fileRef = 920B5D4627969D36002DE112 /* Main.swift */; };
		920B5D4927969D94002DE112 /* MainAPI.swift in Sources */ = {isa = PBXBuildFile; fileRef = 920B5D4827969D94002DE112 /* MainAPI.swift */; };
		920B5D4B27969DAA002DE112 /* MainService.swift in Sources */ = {isa = PBXBuildFile; fileRef = 920B5D4A27969DAA002DE112 /* MainService.swift */; };
		920B5D4D27969DCD002DE112 /* NetworkConstant.swift in Sources */ = {isa = PBXBuildFile; fileRef = 920B5D4C27969DCD002DE112 /* NetworkConstant.swift */; };
		920B5D592796EF6F002DE112 /* BaseResponse.swift in Sources */ = {isa = PBXBuildFile; fileRef = 920B5D582796EF6F002DE112 /* BaseResponse.swift */; };
		920B5D7527972D32002DE112 /* ReportAPI.swift in Sources */ = {isa = PBXBuildFile; fileRef = 920B5D7427972D32002DE112 /* ReportAPI.swift */; };
		920B5D7727972D51002DE112 /* ReportService.swift in Sources */ = {isa = PBXBuildFile; fileRef = 920B5D7627972D51002DE112 /* ReportService.swift */; };
		921E62A62794CC8B002E6CD1 /* OneLineViewController.swift in Sources */ = {isa = PBXBuildFile; fileRef = 921E62A52794CC8B002E6CD1 /* OneLineViewController.swift */; };
		921E62A82794CE3D002E6CD1 /* GoodOneLineCollectionViewCell.swift in Sources */ = {isa = PBXBuildFile; fileRef = 921E62A72794CE3D002E6CD1 /* GoodOneLineCollectionViewCell.swift */; };
		921E62AA2794CE48002E6CD1 /* BadOneLineCollectionViewCell.swift in Sources */ = {isa = PBXBuildFile; fileRef = 921E62A92794CE48002E6CD1 /* BadOneLineCollectionViewCell.swift */; };
		921E62AC2794D188002E6CD1 /* OneLineTextCollectionViewCell.swift in Sources */ = {isa = PBXBuildFile; fileRef = 921E62AB2794D188002E6CD1 /* OneLineTextCollectionViewCell.swift */; };
		924A3E2E2788390E006482B1 /* BDSButton.swift in Sources */ = {isa = PBXBuildFile; fileRef = 924A3E2D2788390E006482B1 /* BDSButton.swift */; };
		924A3E3027883994006482B1 /* BDSFont.swift in Sources */ = {isa = PBXBuildFile; fileRef = 924A3E2F27883994006482B1 /* BDSFont.swift */; };
		925E77F9278F7490009A96FB /* ReportSentenceCollectionViewCell.swift in Sources */ = {isa = PBXBuildFile; fileRef = 925E77F8278F7490009A96FB /* ReportSentenceCollectionViewCell.swift */; };
		9277486B27902CBC00FAAE77 /* ReportOnePageView.swift in Sources */ = {isa = PBXBuildFile; fileRef = 9277486A27902CBC00FAAE77 /* ReportOnePageView.swift */; };
		9279654D27972F7D0063E34C /* FirstReport.swift in Sources */ = {isa = PBXBuildFile; fileRef = 9279654C27972F7D0063E34C /* FirstReport.swift */; };
		9279654F27972FB50063E34C /* SecondReport.swift in Sources */ = {isa = PBXBuildFile; fileRef = 9279654E27972FB50063E34C /* SecondReport.swift */; };
		92796551279737800063E34C /* ThirdReport.swift in Sources */ = {isa = PBXBuildFile; fileRef = 92796550279737800063E34C /* ThirdReport.swift */; };
		9279655327973D670063E34C /* FourthReport.swift in Sources */ = {isa = PBXBuildFile; fileRef = 9279655227973D670063E34C /* FourthReport.swift */; };
		92796555279744E10063E34C /* TotalReport.swift in Sources */ = {isa = PBXBuildFile; fileRef = 92796554279744E10063E34C /* TotalReport.swift */; };
		9279655727980F5B0063E34C /* mediaImageView.gif in Resources */ = {isa = PBXBuildFile; fileRef = 9279655627980F5B0063E34C /* mediaImageView.gif */; };
		9279655F2798C8250063E34C /* threeWhiteLine.json in Resources */ = {isa = PBXBuildFile; fileRef = 9279655E2798C8250063E34C /* threeWhiteLine.json */; };
		9279656127995A6F0063E34C /* ReportLoadingView.swift in Sources */ = {isa = PBXBuildFile; fileRef = 9279656027995A6F0063E34C /* ReportLoadingView.swift */; };
		927AF37127880B820018CC34 /* AppDelegate.swift in Sources */ = {isa = PBXBuildFile; fileRef = 927AF37027880B820018CC34 /* AppDelegate.swift */; };
		927AF37327880B820018CC34 /* SceneDelegate.swift in Sources */ = {isa = PBXBuildFile; fileRef = 927AF37227880B820018CC34 /* SceneDelegate.swift */; };
		927AF37827880B820018CC34 /* Main.storyboard in Resources */ = {isa = PBXBuildFile; fileRef = 927AF37627880B820018CC34 /* Main.storyboard */; };
		927AF37A27880B830018CC34 /* Assets.xcassets in Resources */ = {isa = PBXBuildFile; fileRef = 927AF37927880B830018CC34 /* Assets.xcassets */; };
		927AF37D27880B830018CC34 /* LaunchScreen.storyboard in Resources */ = {isa = PBXBuildFile; fileRef = 927AF37B27880B830018CC34 /* LaunchScreen.storyboard */; };
		927AF39F278812D50018CC34 /* UILabel+.swift in Sources */ = {isa = PBXBuildFile; fileRef = 927AF39E278812D50018CC34 /* UILabel+.swift */; };
		927AF3A3278813A60018CC34 /* UIScreen+.swift in Sources */ = {isa = PBXBuildFile; fileRef = 927AF3A2278813A60018CC34 /* UIScreen+.swift */; };
		927AF3A5278813C00018CC34 /* UIView+.swift in Sources */ = {isa = PBXBuildFile; fileRef = 927AF3A4278813C00018CC34 /* UIView+.swift */; };
		927AF3A7278813E00018CC34 /* UIViewController+.swift in Sources */ = {isa = PBXBuildFile; fileRef = 927AF3A6278813E00018CC34 /* UIViewController+.swift */; };
		927AF3AD2788162E0018CC34 /* PostViewController.swift in Sources */ = {isa = PBXBuildFile; fileRef = 927AF3AC2788162E0018CC34 /* PostViewController.swift */; };
		927AF3B0278816400018CC34 /* MyRecordViewController.swift in Sources */ = {isa = PBXBuildFile; fileRef = 927AF3AF278816400018CC34 /* MyRecordViewController.swift */; };
		927AF3B4278817E40018CC34 /* Pretendard-Bold.otf in Resources */ = {isa = PBXBuildFile; fileRef = 927AF39027880ECE0018CC34 /* Pretendard-Bold.otf */; };
		927AF3B5278817E40018CC34 /* Pretendard-Regular.otf in Resources */ = {isa = PBXBuildFile; fileRef = 927AF39127880ECE0018CC34 /* Pretendard-Regular.otf */; };
		927AF3B6278817E40018CC34 /* Pretendard-SemiBold.otf in Resources */ = {isa = PBXBuildFile; fileRef = 927AF39327880ECE0018CC34 /* Pretendard-SemiBold.otf */; };
		927AF3B7278817E40018CC34 /* Pretendard-Medium.otf in Resources */ = {isa = PBXBuildFile; fileRef = 927AF39227880ECE0018CC34 /* Pretendard-Medium.otf */; };
		927AF3B8278817E80018CC34 /* PPNeueMachina-Regular.otf in Resources */ = {isa = PBXBuildFile; fileRef = 927AF38E27880ECE0018CC34 /* PPNeueMachina-Regular.otf */; };
		927AF3B9278817E80018CC34 /* PPNeueMachina-Ultrabold.otf in Resources */ = {isa = PBXBuildFile; fileRef = 927AF38F27880ECE0018CC34 /* PPNeueMachina-Ultrabold.otf */; };
		927AF3DB27881DE90018CC34 /* UICollectionViewRegisterable.swift in Sources */ = {isa = PBXBuildFile; fileRef = 927AF3DA27881DE90018CC34 /* UICollectionViewRegisterable.swift */; };
		927AF3DD27881E000018CC34 /* UITableViewRegisterable.swift in Sources */ = {isa = PBXBuildFile; fileRef = 927AF3DC27881E000018CC34 /* UITableViewRegisterable.swift */; };
		927AF3DF27881EC30018CC34 /* UIStackView+.swift in Sources */ = {isa = PBXBuildFile; fileRef = 927AF3DE27881EC30018CC34 /* UIStackView+.swift */; };
		927AF3E127881EDA0018CC34 /* UITextField+.swift in Sources */ = {isa = PBXBuildFile; fileRef = 927AF3E027881EDA0018CC34 /* UITextField+.swift */; };
		929CFAFF278DE04200FCA541 /* ReportSentenceViewController.swift in Sources */ = {isa = PBXBuildFile; fileRef = 929CFAF9278DE04200FCA541 /* ReportSentenceViewController.swift */; };
		929CFB00278DE04200FCA541 /* ReportOnePageViewController.swift in Sources */ = {isa = PBXBuildFile; fileRef = 929CFAFA278DE04200FCA541 /* ReportOnePageViewController.swift */; };
		929CFB01278DE04200FCA541 /* ReportGraphViewController.swift in Sources */ = {isa = PBXBuildFile; fileRef = 929CFAFB278DE04200FCA541 /* ReportGraphViewController.swift */; };
		929CFB02278DE04200FCA541 /* ReportLabelViewController.swift in Sources */ = {isa = PBXBuildFile; fileRef = 929CFAFC278DE04200FCA541 /* ReportLabelViewController.swift */; };
		929CFB03278DE04200FCA541 /* ReportViewController.swift in Sources */ = {isa = PBXBuildFile; fileRef = 929CFAFD278DE04200FCA541 /* ReportViewController.swift */; };
		929CFB04278DE04200FCA541 /* ReportRankingViewController.swift in Sources */ = {isa = PBXBuildFile; fileRef = 929CFAFE278DE04200FCA541 /* ReportRankingViewController.swift */; };
		929CFB0C278DE06500FCA541 /* ReportDescriptionView.swift in Sources */ = {isa = PBXBuildFile; fileRef = 929CFB06278DE06400FCA541 /* ReportDescriptionView.swift */; };
		929CFB0D278DE06500FCA541 /* ReportRankingView.swift in Sources */ = {isa = PBXBuildFile; fileRef = 929CFB07278DE06400FCA541 /* ReportRankingView.swift */; };
		929CFB0F278DE06500FCA541 /* RespondingButton.swift in Sources */ = {isa = PBXBuildFile; fileRef = 929CFB09278DE06500FCA541 /* RespondingButton.swift */; };
		929CFB10278DE06500FCA541 /* ReportGraphView.swift in Sources */ = {isa = PBXBuildFile; fileRef = 929CFB0A278DE06500FCA541 /* ReportGraphView.swift */; };
		929CFB11278DE06500FCA541 /* MonthYearPickerView.swift in Sources */ = {isa = PBXBuildFile; fileRef = 929CFB0B278DE06500FCA541 /* MonthYearPickerView.swift */; };
		929CFB15278DE0E800FCA541 /* MainViewController.swift in Sources */ = {isa = PBXBuildFile; fileRef = 929CFB14278DE0E800FCA541 /* MainViewController.swift */; };
		929CFB19278DE11E00FCA541 /* Media.swift in Sources */ = {isa = PBXBuildFile; fileRef = 929CFB18278DE11E00FCA541 /* Media.swift */; };
		929CFB1C278DE13600FCA541 /* RecordCollectionViewCell.swift in Sources */ = {isa = PBXBuildFile; fileRef = 929CFB1B278DE13600FCA541 /* RecordCollectionViewCell.swift */; };
		929CFB2A278EEA4600FCA541 /* ReportSentenceView.swift in Sources */ = {isa = PBXBuildFile; fileRef = 929CFB29278EEA4600FCA541 /* ReportSentenceView.swift */; };
		E206FDAB278F23A900AFA390 /* MediaType.swift in Sources */ = {isa = PBXBuildFile; fileRef = E206FDAA278F23A900AFA390 /* MediaType.swift */; };
		E206FDB3278F478400AFA390 /* WritingHeaderView.swift in Sources */ = {isa = PBXBuildFile; fileRef = E206FDB2278F478400AFA390 /* WritingHeaderView.swift */; };
		E2B69CDA279031E800F9C2DD /* TitleTableViewCell.swift in Sources */ = {isa = PBXBuildFile; fileRef = E2B69CD9279031E800F9C2DD /* TitleTableViewCell.swift */; };
		E2B69CDC2790321800F9C2DD /* OneLineReviewTableViewCell.swift in Sources */ = {isa = PBXBuildFile; fileRef = E2B69CDB2790321800F9C2DD /* OneLineReviewTableViewCell.swift */; };
		E2B69CDE2790322500F9C2DD /* WriteTextTableViewCell.swift in Sources */ = {isa = PBXBuildFile; fileRef = E2B69CDD2790322500F9C2DD /* WriteTextTableViewCell.swift */; };
		E2E27799278B52670083AFF5 /* MediaSelectViewController.swift in Sources */ = {isa = PBXBuildFile; fileRef = E2E27798278B52670083AFF5 /* MediaSelectViewController.swift */; };
		E2E2779C278B68560083AFF5 /* MediaSelectCollectionViewCell.swift in Sources */ = {isa = PBXBuildFile; fileRef = E2E2779B278B68560083AFF5 /* MediaSelectCollectionViewCell.swift */; };
		E2F4072527940B8900E815E6 /* NotificationName.swift in Sources */ = {isa = PBXBuildFile; fileRef = E2F4072427940B8900E815E6 /* NotificationName.swift */; };
		E2F4072727947BD300E815E6 /* AddItemViewController.swift in Sources */ = {isa = PBXBuildFile; fileRef = E2F4072627947BD300E815E6 /* AddItemViewController.swift */; };
		E2F407292794840A00E815E6 /* AddItemCollectionViewCell.swift in Sources */ = {isa = PBXBuildFile; fileRef = E2F407282794840A00E815E6 /* AddItemCollectionViewCell.swift */; };
		E2FC762D279815F20048909A /* PostService.swift in Sources */ = {isa = PBXBuildFile; fileRef = E2FC762C279815F20048909A /* PostService.swift */; };
		E2FC762F279816050048909A /* PostAPI.swift in Sources */ = {isa = PBXBuildFile; fileRef = E2FC762E279816050048909A /* PostAPI.swift */; };
		E2FC7632279841F20048909A /* PostRequest.swift in Sources */ = {isa = PBXBuildFile; fileRef = E2FC7631279841F20048909A /* PostRequest.swift */; };
		E2FC7636279855D90048909A /* OneLine.swift in Sources */ = {isa = PBXBuildFile; fileRef = E2FC7635279855D90048909A /* OneLine.swift */; };
		E2FC76382798563B0048909A /* RecommendItem.swift in Sources */ = {isa = PBXBuildFile; fileRef = E2FC76372798563B0048909A /* RecommendItem.swift */; };
		E2FC763A279859B90048909A /* PostResponse.swift in Sources */ = {isa = PBXBuildFile; fileRef = E2FC7639279859B90048909A /* PostResponse.swift */; };
/* End PBXBuildFile section */

/* Begin PBXFileReference section */
		158141424A1465ED3870E972 /* Pods_Beforeget_iOS.framework */ = {isa = PBXFileReference; explicitFileType = wrapper.framework; includeInIndex = 0; path = Pods_Beforeget_iOS.framework; sourceTree = BUILT_PRODUCTS_DIR; };
		5B304B70278824C80054314A /* swiftgen.yml */ = {isa = PBXFileReference; fileEncoding = 4; lastKnownFileType = text.yaml; path = swiftgen.yml; sourceTree = "<group>"; };
		5B304B742788257E0054314A /* Colors.xcassets */ = {isa = PBXFileReference; lastKnownFileType = folder.assetcatalog; path = Colors.xcassets; sourceTree = "<group>"; };
		5B304B7627882AF30054314A /* Assets+Generated.swift */ = {isa = PBXFileReference; fileEncoding = 4; lastKnownFileType = sourcecode.swift; path = "Assets+Generated.swift"; sourceTree = "<group>"; };
		5B304B782788304B0054314A /* Fonts.swift */ = {isa = PBXFileReference; fileEncoding = 4; lastKnownFileType = sourcecode.swift; path = Fonts.swift; sourceTree = "<group>"; };
		5B5FFCC12797357D00336A35 /* Token.swift */ = {isa = PBXFileReference; lastKnownFileType = sourcecode.swift; path = Token.swift; sourceTree = "<group>"; };
		5B6D7F7F278A2A8F00202230 /* BackButton.swift */ = {isa = PBXFileReference; lastKnownFileType = sourcecode.swift; path = BackButton.swift; sourceTree = "<group>"; };
		5B6D7F81278A2BCF00202230 /* CloseButton.swift */ = {isa = PBXFileReference; lastKnownFileType = sourcecode.swift; path = CloseButton.swift; sourceTree = "<group>"; };
		5B6D7F8E278B3BEB00202230 /* BDSNavigationBar.swift */ = {isa = PBXFileReference; lastKnownFileType = sourcecode.swift; path = BDSNavigationBar.swift; sourceTree = "<group>"; };
		5B7BD0F8278C4F69000BC0FA /* MyRecordTableViewCell.swift */ = {isa = PBXFileReference; lastKnownFileType = sourcecode.swift; path = MyRecordTableViewCell.swift; sourceTree = "<group>"; };
		5B7BD105278CA2E0000BC0FA /* FilterView.swift */ = {isa = PBXFileReference; lastKnownFileType = sourcecode.swift; path = FilterView.swift; sourceTree = "<group>"; };
		5B7BD107278CD324000BC0FA /* FilterModalViewController.swift */ = {isa = PBXFileReference; lastKnownFileType = sourcecode.swift; path = FilterModalViewController.swift; sourceTree = "<group>"; };
		5B7BD10B278D870F000BC0FA /* MenuBarView.swift */ = {isa = PBXFileReference; lastKnownFileType = sourcecode.swift; path = MenuBarView.swift; sourceTree = "<group>"; };
		5B7BD10D278D8AE8000BC0FA /* MenuBarCollectionViewCell.swift */ = {isa = PBXFileReference; lastKnownFileType = sourcecode.swift; path = MenuBarCollectionViewCell.swift; sourceTree = "<group>"; };
		5B7BD110278D8B6C000BC0FA /* Menu.swift */ = {isa = PBXFileReference; lastKnownFileType = sourcecode.swift; path = Menu.swift; sourceTree = "<group>"; };
		5B7BD117278DA2D2000BC0FA /* FilterCollectionViewCell.swift */ = {isa = PBXFileReference; lastKnownFileType = sourcecode.swift; path = FilterCollectionViewCell.swift; sourceTree = "<group>"; };
		5B7BD11A278DC50C000BC0FA /* Record.swift */ = {isa = PBXFileReference; lastKnownFileType = sourcecode.swift; path = Record.swift; sourceTree = "<group>"; };
		5B82542C27917F3A004BDA5D /* UIImage+.swift */ = {isa = PBXFileReference; lastKnownFileType = sourcecode.swift; path = "UIImage+.swift"; sourceTree = "<group>"; };
		5B82542E279182E3004BDA5D /* ReviewTagCollectionViewCell.swift */ = {isa = PBXFileReference; lastKnownFileType = sourcecode.swift; path = ReviewTagCollectionViewCell.swift; sourceTree = "<group>"; };
		5B8254302791895C004BDA5D /* LeftAlignmentCollectionViewFlowLayout.swift */ = {isa = PBXFileReference; lastKnownFileType = sourcecode.swift; path = LeftAlignmentCollectionViewFlowLayout.swift; sourceTree = "<group>"; };
		5B82543227918CD5004BDA5D /* GenreCollectionViewCell.swift */ = {isa = PBXFileReference; lastKnownFileType = sourcecode.swift; path = GenreCollectionViewCell.swift; sourceTree = "<group>"; };
		5B82543627918D23004BDA5D /* StampCollectionViewCell.swift */ = {isa = PBXFileReference; lastKnownFileType = sourcecode.swift; path = StampCollectionViewCell.swift; sourceTree = "<group>"; };
		5B8254382791A623004BDA5D /* SongListTableViewCell.swift */ = {isa = PBXFileReference; lastKnownFileType = sourcecode.swift; path = SongListTableViewCell.swift; sourceTree = "<group>"; };
		5B83EF2C278E1AC400D07AC7 /* Filter.swift */ = {isa = PBXFileReference; lastKnownFileType = sourcecode.swift; path = Filter.swift; sourceTree = "<group>"; };
		5B83EF2E278E1E2A00D07AC7 /* FilterButtonCollectionViewCell.swift */ = {isa = PBXFileReference; lastKnownFileType = sourcecode.swift; path = FilterButtonCollectionViewCell.swift; sourceTree = "<group>"; };
		5B83EF30278E381200D07AC7 /* DateTableViewCell.swift */ = {isa = PBXFileReference; lastKnownFileType = sourcecode.swift; path = DateTableViewCell.swift; sourceTree = "<group>"; };
		5B83EF32278E388C00D07AC7 /* DatePickerTableViewCell.swift */ = {isa = PBXFileReference; lastKnownFileType = sourcecode.swift; path = DatePickerTableViewCell.swift; sourceTree = "<group>"; };
		5B86AEB8278F7B22001C4486 /* MediaCollectionViewCell.swift */ = {isa = PBXFileReference; lastKnownFileType = sourcecode.swift; path = MediaCollectionViewCell.swift; sourceTree = "<group>"; };
		5B86AEBA278F7BC9001C4486 /* StarCollectionViewCell.swift */ = {isa = PBXFileReference; lastKnownFileType = sourcecode.swift; path = StarCollectionViewCell.swift; sourceTree = "<group>"; };
		5B8F1364279415FD00385D5E /* SettingViewController.swift */ = {isa = PBXFileReference; lastKnownFileType = sourcecode.swift; path = SettingViewController.swift; sourceTree = "<group>"; };
		5B8F13662794655400385D5E /* Date+.swift */ = {isa = PBXFileReference; lastKnownFileType = sourcecode.swift; path = "Date+.swift"; sourceTree = "<group>"; };
		5B8F136A2794C77900385D5E /* SettingTableViewCell.swift */ = {isa = PBXFileReference; lastKnownFileType = sourcecode.swift; path = SettingTableViewCell.swift; sourceTree = "<group>"; };
		5B8F136D2794CA5B00385D5E /* SettingHeaderView.swift */ = {isa = PBXFileReference; lastKnownFileType = sourcecode.swift; path = SettingHeaderView.swift; sourceTree = "<group>"; };
		5B8F136F2794D37D00385D5E /* SettingFooterView.swift */ = {isa = PBXFileReference; lastKnownFileType = sourcecode.swift; path = SettingFooterView.swift; sourceTree = "<group>"; };
		5B8F13712794E57500385D5E /* BDSPopupView.swift */ = {isa = PBXFileReference; lastKnownFileType = sourcecode.swift; path = BDSPopupView.swift; sourceTree = "<group>"; };
		5B8F1379279576F600385D5E /* WritingSavePopupView.swift */ = {isa = PBXFileReference; lastKnownFileType = sourcecode.swift; path = WritingSavePopupView.swift; sourceTree = "<group>"; };
		5B8F137B2795776100385D5E /* WritingBackPopupView.swift */ = {isa = PBXFileReference; lastKnownFileType = sourcecode.swift; path = WritingBackPopupView.swift; sourceTree = "<group>"; };
		5B8F138127957A4A00385D5E /* PostSavePopupViewController.swift */ = {isa = PBXFileReference; lastKnownFileType = sourcecode.swift; path = PostSavePopupViewController.swift; sourceTree = "<group>"; };
		5B8F138327957A5A00385D5E /* PostBackPopupViewController.swift */ = {isa = PBXFileReference; lastKnownFileType = sourcecode.swift; path = PostBackPopupViewController.swift; sourceTree = "<group>"; };
		5B8F13872795847300385D5E /* CompleteViewController.swift */ = {isa = PBXFileReference; lastKnownFileType = sourcecode.swift; path = CompleteViewController.swift; sourceTree = "<group>"; };
		5BB7A90827959F7C0019633B /* DeletePopupView.swift */ = {isa = PBXFileReference; lastKnownFileType = sourcecode.swift; path = DeletePopupView.swift; sourceTree = "<group>"; };
		5BB7A90927959F7C0019633B /* EditPopupView.swift */ = {isa = PBXFileReference; lastKnownFileType = sourcecode.swift; path = EditPopupView.swift; sourceTree = "<group>"; };
		5BB7A90C27959FA40019633B /* DetailRecordDeletePopupViewController.swift */ = {isa = PBXFileReference; lastKnownFileType = sourcecode.swift; path = DetailRecordDeletePopupViewController.swift; sourceTree = "<group>"; };
		5BB7A90D27959FA40019633B /* DetailRecordEditPopupViewController.swift */ = {isa = PBXFileReference; lastKnownFileType = sourcecode.swift; path = DetailRecordEditPopupViewController.swift; sourceTree = "<group>"; };
		5BD114922790B3670063EB3B /* UICollectionView+.swift */ = {isa = PBXFileReference; lastKnownFileType = sourcecode.swift; path = "UICollectionView+.swift"; sourceTree = "<group>"; };
		5BD114972790C1C10063EB3B /* DetailRecordViewController.swift */ = {isa = PBXFileReference; lastKnownFileType = sourcecode.swift; path = DetailRecordViewController.swift; sourceTree = "<group>"; };
		5BD1149E2790C4390063EB3B /* CommentDetailTableViewCell.swift */ = {isa = PBXFileReference; lastKnownFileType = sourcecode.swift; path = CommentDetailTableViewCell.swift; sourceTree = "<group>"; };
		5BD114A02790C4440063EB3B /* ImageTableViewCell.swift */ = {isa = PBXFileReference; lastKnownFileType = sourcecode.swift; path = ImageTableViewCell.swift; sourceTree = "<group>"; };
		5BD114A22790C44F0063EB3B /* CommaTableViewCell.swift */ = {isa = PBXFileReference; lastKnownFileType = sourcecode.swift; path = CommaTableViewCell.swift; sourceTree = "<group>"; };
		5BD114A42790C4570063EB3B /* GenreTableViewCell.swift */ = {isa = PBXFileReference; lastKnownFileType = sourcecode.swift; path = GenreTableViewCell.swift; sourceTree = "<group>"; };
		5BD114A62790C45F0063EB3B /* TextTableViewCell.swift */ = {isa = PBXFileReference; lastKnownFileType = sourcecode.swift; path = TextTableViewCell.swift; sourceTree = "<group>"; };
		5BD114A82790C4680063EB3B /* SongTableViewCell.swift */ = {isa = PBXFileReference; lastKnownFileType = sourcecode.swift; path = SongTableViewCell.swift; sourceTree = "<group>"; };
		5BD114AA2790C4730063EB3B /* LineTableViewCell.swift */ = {isa = PBXFileReference; lastKnownFileType = sourcecode.swift; path = LineTableViewCell.swift; sourceTree = "<group>"; };
		5BD114AC2790C4960063EB3B /* LinkTableViewCell.swift */ = {isa = PBXFileReference; lastKnownFileType = sourcecode.swift; path = LinkTableViewCell.swift; sourceTree = "<group>"; };
		5BD114AE2790C4A80063EB3B /* StampTableViewCell.swift */ = {isa = PBXFileReference; lastKnownFileType = sourcecode.swift; path = StampTableViewCell.swift; sourceTree = "<group>"; };
		5BD114B02790C5BF0063EB3B /* DetailRecordSection.swift */ = {isa = PBXFileReference; lastKnownFileType = sourcecode.swift; path = DetailRecordSection.swift; sourceTree = "<group>"; };
		5BD114B7279133710063EB3B /* CellTitleLabel.swift */ = {isa = PBXFileReference; lastKnownFileType = sourcecode.swift; path = CellTitleLabel.swift; sourceTree = "<group>"; };
		5BD114B927913AE20063EB3B /* UIButton+.swift */ = {isa = PBXFileReference; lastKnownFileType = sourcecode.swift; path = "UIButton+.swift"; sourceTree = "<group>"; };
		5BD114BB279175680063EB3B /* DetailRecordHeaderView.swift */ = {isa = PBXFileReference; lastKnownFileType = sourcecode.swift; path = DetailRecordHeaderView.swift; sourceTree = "<group>"; };
		6696C21B3D46EDD420E877D4 /* Pods-Beforeget-iOS.release.xcconfig */ = {isa = PBXFileReference; includeInIndex = 1; lastKnownFileType = text.xcconfig; name = "Pods-Beforeget-iOS.release.xcconfig"; path = "Target Support Files/Pods-Beforeget-iOS/Pods-Beforeget-iOS.release.xcconfig"; sourceTree = "<group>"; };
		920B5D4027969C94002DE112 /* NetworkResult.swift */ = {isa = PBXFileReference; lastKnownFileType = sourcecode.swift; path = NetworkResult.swift; sourceTree = "<group>"; };
		920B5D4427969D0D002DE112 /* MoyaLoggerPlugin.swift */ = {isa = PBXFileReference; lastKnownFileType = sourcecode.swift; path = MoyaLoggerPlugin.swift; sourceTree = "<group>"; };
		920B5D4627969D36002DE112 /* Main.swift */ = {isa = PBXFileReference; lastKnownFileType = sourcecode.swift; path = Main.swift; sourceTree = "<group>"; };
		920B5D4827969D94002DE112 /* MainAPI.swift */ = {isa = PBXFileReference; lastKnownFileType = sourcecode.swift; path = MainAPI.swift; sourceTree = "<group>"; };
		920B5D4A27969DAA002DE112 /* MainService.swift */ = {isa = PBXFileReference; lastKnownFileType = sourcecode.swift; path = MainService.swift; sourceTree = "<group>"; };
		920B5D4C27969DCD002DE112 /* NetworkConstant.swift */ = {isa = PBXFileReference; lastKnownFileType = sourcecode.swift; path = NetworkConstant.swift; sourceTree = "<group>"; };
		920B5D582796EF6F002DE112 /* BaseResponse.swift */ = {isa = PBXFileReference; lastKnownFileType = sourcecode.swift; path = BaseResponse.swift; sourceTree = "<group>"; };
		920B5D7427972D32002DE112 /* ReportAPI.swift */ = {isa = PBXFileReference; lastKnownFileType = sourcecode.swift; path = ReportAPI.swift; sourceTree = "<group>"; };
		920B5D7627972D51002DE112 /* ReportService.swift */ = {isa = PBXFileReference; lastKnownFileType = sourcecode.swift; path = ReportService.swift; sourceTree = "<group>"; };
		921E62A52794CC8B002E6CD1 /* OneLineViewController.swift */ = {isa = PBXFileReference; lastKnownFileType = sourcecode.swift; path = OneLineViewController.swift; sourceTree = "<group>"; };
		921E62A72794CE3D002E6CD1 /* GoodOneLineCollectionViewCell.swift */ = {isa = PBXFileReference; lastKnownFileType = sourcecode.swift; path = GoodOneLineCollectionViewCell.swift; sourceTree = "<group>"; };
		921E62A92794CE48002E6CD1 /* BadOneLineCollectionViewCell.swift */ = {isa = PBXFileReference; lastKnownFileType = sourcecode.swift; path = BadOneLineCollectionViewCell.swift; sourceTree = "<group>"; };
		921E62AB2794D188002E6CD1 /* OneLineTextCollectionViewCell.swift */ = {isa = PBXFileReference; lastKnownFileType = sourcecode.swift; path = OneLineTextCollectionViewCell.swift; sourceTree = "<group>"; };
		924A3E2D2788390E006482B1 /* BDSButton.swift */ = {isa = PBXFileReference; lastKnownFileType = sourcecode.swift; path = BDSButton.swift; sourceTree = "<group>"; };
		924A3E2F27883994006482B1 /* BDSFont.swift */ = {isa = PBXFileReference; lastKnownFileType = sourcecode.swift; path = BDSFont.swift; sourceTree = "<group>"; };
		925E77F8278F7490009A96FB /* ReportSentenceCollectionViewCell.swift */ = {isa = PBXFileReference; lastKnownFileType = sourcecode.swift; path = ReportSentenceCollectionViewCell.swift; sourceTree = "<group>"; };
		9277486A27902CBC00FAAE77 /* ReportOnePageView.swift */ = {isa = PBXFileReference; lastKnownFileType = sourcecode.swift; path = ReportOnePageView.swift; sourceTree = "<group>"; };
		9279654C27972F7D0063E34C /* FirstReport.swift */ = {isa = PBXFileReference; lastKnownFileType = sourcecode.swift; path = FirstReport.swift; sourceTree = "<group>"; };
		9279654E27972FB50063E34C /* SecondReport.swift */ = {isa = PBXFileReference; lastKnownFileType = sourcecode.swift; path = SecondReport.swift; sourceTree = "<group>"; };
		92796550279737800063E34C /* ThirdReport.swift */ = {isa = PBXFileReference; lastKnownFileType = sourcecode.swift; path = ThirdReport.swift; sourceTree = "<group>"; };
		9279655227973D670063E34C /* FourthReport.swift */ = {isa = PBXFileReference; lastKnownFileType = sourcecode.swift; path = FourthReport.swift; sourceTree = "<group>"; };
		92796554279744E10063E34C /* TotalReport.swift */ = {isa = PBXFileReference; lastKnownFileType = sourcecode.swift; path = TotalReport.swift; sourceTree = "<group>"; };
		9279655627980F5B0063E34C /* mediaImageView.gif */ = {isa = PBXFileReference; lastKnownFileType = image.gif; path = mediaImageView.gif; sourceTree = "<group>"; };
		9279655E2798C8250063E34C /* threeWhiteLine.json */ = {isa = PBXFileReference; fileEncoding = 4; lastKnownFileType = text.json; path = threeWhiteLine.json; sourceTree = "<group>"; };
		9279656027995A6F0063E34C /* ReportLoadingView.swift */ = {isa = PBXFileReference; lastKnownFileType = sourcecode.swift; path = ReportLoadingView.swift; sourceTree = "<group>"; };
		927AF36D27880B820018CC34 /* Beforeget-iOS.app */ = {isa = PBXFileReference; explicitFileType = wrapper.application; includeInIndex = 0; path = "Beforeget-iOS.app"; sourceTree = BUILT_PRODUCTS_DIR; };
		927AF37027880B820018CC34 /* AppDelegate.swift */ = {isa = PBXFileReference; lastKnownFileType = sourcecode.swift; path = AppDelegate.swift; sourceTree = "<group>"; };
		927AF37227880B820018CC34 /* SceneDelegate.swift */ = {isa = PBXFileReference; lastKnownFileType = sourcecode.swift; path = SceneDelegate.swift; sourceTree = "<group>"; };
		927AF37727880B820018CC34 /* Base */ = {isa = PBXFileReference; lastKnownFileType = file.storyboard; name = Base; path = Base.lproj/Main.storyboard; sourceTree = "<group>"; };
		927AF37927880B830018CC34 /* Assets.xcassets */ = {isa = PBXFileReference; lastKnownFileType = folder.assetcatalog; path = Assets.xcassets; sourceTree = "<group>"; };
		927AF37C27880B830018CC34 /* Base */ = {isa = PBXFileReference; lastKnownFileType = file.storyboard; name = Base; path = Base.lproj/LaunchScreen.storyboard; sourceTree = "<group>"; };
		927AF37E27880B830018CC34 /* Info.plist */ = {isa = PBXFileReference; lastKnownFileType = text.plist.xml; path = Info.plist; sourceTree = "<group>"; };
		927AF38E27880ECE0018CC34 /* PPNeueMachina-Regular.otf */ = {isa = PBXFileReference; lastKnownFileType = file; path = "PPNeueMachina-Regular.otf"; sourceTree = "<group>"; };
		927AF38F27880ECE0018CC34 /* PPNeueMachina-Ultrabold.otf */ = {isa = PBXFileReference; lastKnownFileType = file; path = "PPNeueMachina-Ultrabold.otf"; sourceTree = "<group>"; };
		927AF39027880ECE0018CC34 /* Pretendard-Bold.otf */ = {isa = PBXFileReference; lastKnownFileType = file; path = "Pretendard-Bold.otf"; sourceTree = "<group>"; };
		927AF39127880ECE0018CC34 /* Pretendard-Regular.otf */ = {isa = PBXFileReference; lastKnownFileType = file; path = "Pretendard-Regular.otf"; sourceTree = "<group>"; };
		927AF39227880ECE0018CC34 /* Pretendard-Medium.otf */ = {isa = PBXFileReference; lastKnownFileType = file; path = "Pretendard-Medium.otf"; sourceTree = "<group>"; };
		927AF39327880ECE0018CC34 /* Pretendard-SemiBold.otf */ = {isa = PBXFileReference; lastKnownFileType = file; path = "Pretendard-SemiBold.otf"; sourceTree = "<group>"; };
		927AF39E278812D50018CC34 /* UILabel+.swift */ = {isa = PBXFileReference; lastKnownFileType = sourcecode.swift; path = "UILabel+.swift"; sourceTree = "<group>"; };
		927AF3A2278813A60018CC34 /* UIScreen+.swift */ = {isa = PBXFileReference; lastKnownFileType = sourcecode.swift; path = "UIScreen+.swift"; sourceTree = "<group>"; };
		927AF3A4278813C00018CC34 /* UIView+.swift */ = {isa = PBXFileReference; lastKnownFileType = sourcecode.swift; path = "UIView+.swift"; sourceTree = "<group>"; };
		927AF3A6278813E00018CC34 /* UIViewController+.swift */ = {isa = PBXFileReference; lastKnownFileType = sourcecode.swift; path = "UIViewController+.swift"; sourceTree = "<group>"; };
		927AF3AC2788162E0018CC34 /* PostViewController.swift */ = {isa = PBXFileReference; lastKnownFileType = sourcecode.swift; path = PostViewController.swift; sourceTree = "<group>"; };
		927AF3AF278816400018CC34 /* MyRecordViewController.swift */ = {isa = PBXFileReference; lastKnownFileType = sourcecode.swift; path = MyRecordViewController.swift; sourceTree = "<group>"; };
		927AF3DA27881DE90018CC34 /* UICollectionViewRegisterable.swift */ = {isa = PBXFileReference; lastKnownFileType = sourcecode.swift; path = UICollectionViewRegisterable.swift; sourceTree = "<group>"; };
		927AF3DC27881E000018CC34 /* UITableViewRegisterable.swift */ = {isa = PBXFileReference; lastKnownFileType = sourcecode.swift; path = UITableViewRegisterable.swift; sourceTree = "<group>"; };
		927AF3DE27881EC30018CC34 /* UIStackView+.swift */ = {isa = PBXFileReference; lastKnownFileType = sourcecode.swift; path = "UIStackView+.swift"; sourceTree = "<group>"; };
		927AF3E027881EDA0018CC34 /* UITextField+.swift */ = {isa = PBXFileReference; lastKnownFileType = sourcecode.swift; path = "UITextField+.swift"; sourceTree = "<group>"; };
		929CFAF9278DE04200FCA541 /* ReportSentenceViewController.swift */ = {isa = PBXFileReference; fileEncoding = 4; lastKnownFileType = sourcecode.swift; path = ReportSentenceViewController.swift; sourceTree = "<group>"; };
		929CFAFA278DE04200FCA541 /* ReportOnePageViewController.swift */ = {isa = PBXFileReference; fileEncoding = 4; lastKnownFileType = sourcecode.swift; path = ReportOnePageViewController.swift; sourceTree = "<group>"; };
		929CFAFB278DE04200FCA541 /* ReportGraphViewController.swift */ = {isa = PBXFileReference; fileEncoding = 4; lastKnownFileType = sourcecode.swift; path = ReportGraphViewController.swift; sourceTree = "<group>"; };
		929CFAFC278DE04200FCA541 /* ReportLabelViewController.swift */ = {isa = PBXFileReference; fileEncoding = 4; lastKnownFileType = sourcecode.swift; path = ReportLabelViewController.swift; sourceTree = "<group>"; };
		929CFAFD278DE04200FCA541 /* ReportViewController.swift */ = {isa = PBXFileReference; fileEncoding = 4; lastKnownFileType = sourcecode.swift; path = ReportViewController.swift; sourceTree = "<group>"; };
		929CFAFE278DE04200FCA541 /* ReportRankingViewController.swift */ = {isa = PBXFileReference; fileEncoding = 4; lastKnownFileType = sourcecode.swift; path = ReportRankingViewController.swift; sourceTree = "<group>"; };
		929CFB06278DE06400FCA541 /* ReportDescriptionView.swift */ = {isa = PBXFileReference; fileEncoding = 4; lastKnownFileType = sourcecode.swift; path = ReportDescriptionView.swift; sourceTree = "<group>"; };
		929CFB07278DE06400FCA541 /* ReportRankingView.swift */ = {isa = PBXFileReference; fileEncoding = 4; lastKnownFileType = sourcecode.swift; path = ReportRankingView.swift; sourceTree = "<group>"; };
		929CFB08278DE06500FCA541 /* ReportTopView.swift */ = {isa = PBXFileReference; fileEncoding = 4; lastKnownFileType = sourcecode.swift; path = ReportTopView.swift; sourceTree = "<group>"; };
		929CFB09278DE06500FCA541 /* RespondingButton.swift */ = {isa = PBXFileReference; fileEncoding = 4; lastKnownFileType = sourcecode.swift; path = RespondingButton.swift; sourceTree = "<group>"; };
		929CFB0A278DE06500FCA541 /* ReportGraphView.swift */ = {isa = PBXFileReference; fileEncoding = 4; lastKnownFileType = sourcecode.swift; path = ReportGraphView.swift; sourceTree = "<group>"; };
		929CFB0B278DE06500FCA541 /* MonthYearPickerView.swift */ = {isa = PBXFileReference; fileEncoding = 4; lastKnownFileType = sourcecode.swift; path = MonthYearPickerView.swift; sourceTree = "<group>"; };
		929CFB14278DE0E800FCA541 /* MainViewController.swift */ = {isa = PBXFileReference; fileEncoding = 4; lastKnownFileType = sourcecode.swift; path = MainViewController.swift; sourceTree = "<group>"; };
		929CFB18278DE11E00FCA541 /* Media.swift */ = {isa = PBXFileReference; fileEncoding = 4; lastKnownFileType = sourcecode.swift; path = Media.swift; sourceTree = "<group>"; };
		929CFB1B278DE13600FCA541 /* RecordCollectionViewCell.swift */ = {isa = PBXFileReference; fileEncoding = 4; lastKnownFileType = sourcecode.swift; path = RecordCollectionViewCell.swift; sourceTree = "<group>"; };
		929CFB26278EBE6200FCA541 /* BarView.swift */ = {isa = PBXFileReference; lastKnownFileType = sourcecode.swift; path = BarView.swift; sourceTree = "<group>"; };
		929CFB29278EEA4600FCA541 /* ReportSentenceView.swift */ = {isa = PBXFileReference; lastKnownFileType = sourcecode.swift; path = ReportSentenceView.swift; sourceTree = "<group>"; };
		AC34B233BE4990708382B205 /* Pods-Beforeget-iOS.debug.xcconfig */ = {isa = PBXFileReference; includeInIndex = 1; lastKnownFileType = text.xcconfig; name = "Pods-Beforeget-iOS.debug.xcconfig"; path = "Target Support Files/Pods-Beforeget-iOS/Pods-Beforeget-iOS.debug.xcconfig"; sourceTree = "<group>"; };
		E206FDAA278F23A900AFA390 /* MediaType.swift */ = {isa = PBXFileReference; lastKnownFileType = sourcecode.swift; path = MediaType.swift; sourceTree = "<group>"; };
		E206FDB2278F478400AFA390 /* WritingHeaderView.swift */ = {isa = PBXFileReference; lastKnownFileType = sourcecode.swift; path = WritingHeaderView.swift; sourceTree = "<group>"; };
		E2B69CD9279031E800F9C2DD /* TitleTableViewCell.swift */ = {isa = PBXFileReference; lastKnownFileType = sourcecode.swift; path = TitleTableViewCell.swift; sourceTree = "<group>"; };
		E2B69CDB2790321800F9C2DD /* OneLineReviewTableViewCell.swift */ = {isa = PBXFileReference; lastKnownFileType = sourcecode.swift; path = OneLineReviewTableViewCell.swift; sourceTree = "<group>"; };
		E2B69CDD2790322500F9C2DD /* WriteTextTableViewCell.swift */ = {isa = PBXFileReference; lastKnownFileType = sourcecode.swift; path = WriteTextTableViewCell.swift; sourceTree = "<group>"; };
		E2E27798278B52670083AFF5 /* MediaSelectViewController.swift */ = {isa = PBXFileReference; lastKnownFileType = sourcecode.swift; path = MediaSelectViewController.swift; sourceTree = "<group>"; };
		E2E2779B278B68560083AFF5 /* MediaSelectCollectionViewCell.swift */ = {isa = PBXFileReference; lastKnownFileType = sourcecode.swift; path = MediaSelectCollectionViewCell.swift; sourceTree = "<group>"; };
		E2F4072427940B8900E815E6 /* NotificationName.swift */ = {isa = PBXFileReference; lastKnownFileType = sourcecode.swift; path = NotificationName.swift; sourceTree = "<group>"; };
		E2F4072627947BD300E815E6 /* AddItemViewController.swift */ = {isa = PBXFileReference; lastKnownFileType = sourcecode.swift; path = AddItemViewController.swift; sourceTree = "<group>"; };
		E2F407282794840A00E815E6 /* AddItemCollectionViewCell.swift */ = {isa = PBXFileReference; lastKnownFileType = sourcecode.swift; path = AddItemCollectionViewCell.swift; sourceTree = "<group>"; };
		E2FC762C279815F20048909A /* PostService.swift */ = {isa = PBXFileReference; lastKnownFileType = sourcecode.swift; path = PostService.swift; sourceTree = "<group>"; };
		E2FC762E279816050048909A /* PostAPI.swift */ = {isa = PBXFileReference; lastKnownFileType = sourcecode.swift; path = PostAPI.swift; sourceTree = "<group>"; };
		E2FC7631279841F20048909A /* PostRequest.swift */ = {isa = PBXFileReference; lastKnownFileType = sourcecode.swift; path = PostRequest.swift; sourceTree = "<group>"; };
		E2FC7635279855D90048909A /* OneLine.swift */ = {isa = PBXFileReference; lastKnownFileType = sourcecode.swift; path = OneLine.swift; sourceTree = "<group>"; };
		E2FC76372798563B0048909A /* RecommendItem.swift */ = {isa = PBXFileReference; lastKnownFileType = sourcecode.swift; path = RecommendItem.swift; sourceTree = "<group>"; };
		E2FC7639279859B90048909A /* PostResponse.swift */ = {isa = PBXFileReference; lastKnownFileType = sourcecode.swift; path = PostResponse.swift; sourceTree = "<group>"; };
/* End PBXFileReference section */

/* Begin PBXFrameworksBuildPhase section */
		927AF36A27880B820018CC34 /* Frameworks */ = {
			isa = PBXFrameworksBuildPhase;
			buildActionMask = 2147483647;
			files = (
				27F75B78F7AFE1CACC07B5AF /* Pods_Beforeget_iOS.framework in Frameworks */,
			);
			runOnlyForDeploymentPostprocessing = 0;
		};
/* End PBXFrameworksBuildPhase section */

/* Begin PBXGroup section */
		5B304B722788251A0054314A /* Constant */ = {
			isa = PBXGroup;
			children = (
				5B304B782788304B0054314A /* Fonts.swift */,
				5B304B7627882AF30054314A /* Assets+Generated.swift */,
				E2F4072427940B8900E815E6 /* NotificationName.swift */,
			);
			path = Constant;
			sourceTree = "<group>";
		};
		5B7BD0F7278C49DC000BC0FA /* Views */ = {
			isa = PBXGroup;
			children = (
				5B7BD104278CA2C0000BC0FA /* Components */,
				5B7BD0FA278C6908000BC0FA /* Cells */,
			);
			path = Views;
			sourceTree = "<group>";
		};
		5B7BD0FA278C6908000BC0FA /* Cells */ = {
			isa = PBXGroup;
			children = (
				5B7BD0F8278C4F69000BC0FA /* MyRecordTableViewCell.swift */,
			);
			path = Cells;
			sourceTree = "<group>";
		};
		5B7BD104278CA2C0000BC0FA /* Components */ = {
			isa = PBXGroup;
			children = (
				5B7BD105278CA2E0000BC0FA /* FilterView.swift */,
			);
			path = Components;
			sourceTree = "<group>";
		};
		5B7BD10F278D8B61000BC0FA /* Models */ = {
			isa = PBXGroup;
			children = (
				5B7BD110278D8B6C000BC0FA /* Menu.swift */,
				5B83EF2C278E1AC400D07AC7 /* Filter.swift */,
			);
			path = Models;
			sourceTree = "<group>";
		};
		5B7BD112278D8F67000BC0FA /* Filter */ = {
			isa = PBXGroup;
			children = (
				5B7BD10F278D8B61000BC0FA /* Models */,
				5B7BD114278D8F7F000BC0FA /* Views */,
				5B7BD113278D8F78000BC0FA /* Controllers */,
			);
			path = Filter;
			sourceTree = "<group>";
		};
		5B7BD113278D8F78000BC0FA /* Controllers */ = {
			isa = PBXGroup;
			children = (
				5B7BD107278CD324000BC0FA /* FilterModalViewController.swift */,
			);
			path = Controllers;
			sourceTree = "<group>";
		};
		5B7BD114278D8F7F000BC0FA /* Views */ = {
			isa = PBXGroup;
			children = (
				5B7BD116278D8F9C000BC0FA /* Components */,
				5B7BD115278D8F85000BC0FA /* Cells */,
			);
			path = Views;
			sourceTree = "<group>";
		};
		5B7BD115278D8F85000BC0FA /* Cells */ = {
			isa = PBXGroup;
			children = (
				5B7BD10D278D8AE8000BC0FA /* MenuBarCollectionViewCell.swift */,
				5B83EF2E278E1E2A00D07AC7 /* FilterButtonCollectionViewCell.swift */,
				5B7BD117278DA2D2000BC0FA /* FilterCollectionViewCell.swift */,
				5B83EF30278E381200D07AC7 /* DateTableViewCell.swift */,
				5B83EF32278E388C00D07AC7 /* DatePickerTableViewCell.swift */,
				5B86AEB8278F7B22001C4486 /* MediaCollectionViewCell.swift */,
				5B86AEBA278F7BC9001C4486 /* StarCollectionViewCell.swift */,
			);
			path = Cells;
			sourceTree = "<group>";
		};
		5B7BD116278D8F9C000BC0FA /* Components */ = {
			isa = PBXGroup;
			children = (
				5B7BD10B278D870F000BC0FA /* MenuBarView.swift */,
			);
			path = Components;
			sourceTree = "<group>";
		};
		5B7BD119278DC12C000BC0FA /* Models */ = {
			isa = PBXGroup;
			children = (
				5B7BD11A278DC50C000BC0FA /* Record.swift */,
			);
			path = Models;
			sourceTree = "<group>";
		};
		5B8F13622794131700385D5E /* Setting */ = {
			isa = PBXGroup;
			children = (
				5B8F13682794C75200385D5E /* Views */,
				5B8F1363279415E100385D5E /* Controllers */,
			);
			path = Setting;
			sourceTree = "<group>";
		};
		5B8F1363279415E100385D5E /* Controllers */ = {
			isa = PBXGroup;
			children = (
				5B8F1364279415FD00385D5E /* SettingViewController.swift */,
			);
			path = Controllers;
			sourceTree = "<group>";
		};
		5B8F13682794C75200385D5E /* Views */ = {
			isa = PBXGroup;
			children = (
				5B8F136C2794CA3400385D5E /* Components */,
				5B8F13692794C75D00385D5E /* Cells */,
			);
			path = Views;
			sourceTree = "<group>";
		};
		5B8F13692794C75D00385D5E /* Cells */ = {
			isa = PBXGroup;
			children = (
				5B8F136A2794C77900385D5E /* SettingTableViewCell.swift */,
			);
			path = Cells;
			sourceTree = "<group>";
		};
		5B8F136C2794CA3400385D5E /* Components */ = {
			isa = PBXGroup;
			children = (
				5B8F136D2794CA5B00385D5E /* SettingHeaderView.swift */,
				5B8F136F2794D37D00385D5E /* SettingFooterView.swift */,
			);
			path = Components;
			sourceTree = "<group>";
		};
		5B8F13852795840300385D5E /* Complete */ = {
			isa = PBXGroup;
			children = (
				5B8F13862795846100385D5E /* Controllers */,
			);
			path = Complete;
			sourceTree = "<group>";
		};
		5B8F13862795846100385D5E /* Controllers */ = {
			isa = PBXGroup;
			children = (
				5B8F13872795847300385D5E /* CompleteViewController.swift */,
			);
			path = Controllers;
			sourceTree = "<group>";
		};
		5BD114942790C1910063EB3B /* DetailRecord */ = {
			isa = PBXGroup;
			children = (
				5BD114B2279131D40063EB3B /* Models */,
				5BD114962790C1AB0063EB3B /* Views */,
				5BD114952790C1A50063EB3B /* Controllers */,
			);
			path = DetailRecord;
			sourceTree = "<group>";
		};
		5BD114952790C1A50063EB3B /* Controllers */ = {
			isa = PBXGroup;
			children = (
				5BB7A90C27959FA40019633B /* DetailRecordDeletePopupViewController.swift */,
				5BB7A90D27959FA40019633B /* DetailRecordEditPopupViewController.swift */,
				5BD114972790C1C10063EB3B /* DetailRecordViewController.swift */,
			);
			path = Controllers;
			sourceTree = "<group>";
		};
		5BD114962790C1AB0063EB3B /* Views */ = {
			isa = PBXGroup;
			children = (
				5BD114B52791334D0063EB3B /* Components */,
				5BD114B6279133570063EB3B /* Cells */,
			);
			path = Views;
			sourceTree = "<group>";
		};
		5BD114B2279131D40063EB3B /* Models */ = {
			isa = PBXGroup;
			children = (
				5BD114B02790C5BF0063EB3B /* DetailRecordSection.swift */,
			);
			path = Models;
			sourceTree = "<group>";
		};
		5BD114B52791334D0063EB3B /* Components */ = {
			isa = PBXGroup;
			children = (
				5BB7A90827959F7C0019633B /* DeletePopupView.swift */,
				5BB7A90927959F7C0019633B /* EditPopupView.swift */,
				5BD114B7279133710063EB3B /* CellTitleLabel.swift */,
				5BD114BB279175680063EB3B /* DetailRecordHeaderView.swift */,
				5B8254302791895C004BDA5D /* LeftAlignmentCollectionViewFlowLayout.swift */,
			);
			path = Components;
			sourceTree = "<group>";
		};
		5BD114B6279133570063EB3B /* Cells */ = {
			isa = PBXGroup;
			children = (
				5B82542E279182E3004BDA5D /* ReviewTagCollectionViewCell.swift */,
				5BD1149E2790C4390063EB3B /* CommentDetailTableViewCell.swift */,
				5BD114A02790C4440063EB3B /* ImageTableViewCell.swift */,
				5BD114A22790C44F0063EB3B /* CommaTableViewCell.swift */,
				5BD114A42790C4570063EB3B /* GenreTableViewCell.swift */,
				5BD114A62790C45F0063EB3B /* TextTableViewCell.swift */,
				5BD114A82790C4680063EB3B /* SongTableViewCell.swift */,
				5BD114AA2790C4730063EB3B /* LineTableViewCell.swift */,
				5BD114AC2790C4960063EB3B /* LinkTableViewCell.swift */,
				5B8254382791A623004BDA5D /* SongListTableViewCell.swift */,
				5BD114AE2790C4A80063EB3B /* StampTableViewCell.swift */,
				5B82543227918CD5004BDA5D /* GenreCollectionViewCell.swift */,
				5B82543627918D23004BDA5D /* StampCollectionViewCell.swift */,
			);
			path = Cells;
			sourceTree = "<group>";
		};
		8BE74230A796E431079FC61E /* Pods */ = {
			isa = PBXGroup;
			children = (
				AC34B233BE4990708382B205 /* Pods-Beforeget-iOS.debug.xcconfig */,
				6696C21B3D46EDD420E877D4 /* Pods-Beforeget-iOS.release.xcconfig */,
			);
			path = Pods;
			sourceTree = "<group>";
		};
		920B5D2A27962E13002DE112 /* APIModel */ = {
			isa = PBXGroup;
			children = (
				E2FC7630279841E00048909A /* PostModel */,
				920B5D7327972D17002DE112 /* ReportModel */,
				920B5D2C27962E8A002DE112 /* MainModel */,
			);
			path = APIModel;
			sourceTree = "<group>";
		};
		920B5D2B27962E1F002DE112 /* APIService */ = {
			isa = PBXGroup;
			children = (
				E2FC762B279815580048909A /* PostAPI */,
				920B5D7227972D10002DE112 /* ReportAPI */,
				920B5D2F27962F0E002DE112 /* MainAPI */,
			);
			path = APIService;
			sourceTree = "<group>";
		};
		920B5D2C27962E8A002DE112 /* MainModel */ = {
			isa = PBXGroup;
			children = (
				920B5D4627969D36002DE112 /* Main.swift */,
			);
			path = MainModel;
			sourceTree = "<group>";
		};
		920B5D2F27962F0E002DE112 /* MainAPI */ = {
			isa = PBXGroup;
			children = (
				920B5D4A27969DAA002DE112 /* MainService.swift */,
				920B5D4827969D94002DE112 /* MainAPI.swift */,
			);
			path = MainAPI;
			sourceTree = "<group>";
		};
		920B5D7227972D10002DE112 /* ReportAPI */ = {
			isa = PBXGroup;
			children = (
				920B5D7627972D51002DE112 /* ReportService.swift */,
				920B5D7427972D32002DE112 /* ReportAPI.swift */,
			);
			path = ReportAPI;
			sourceTree = "<group>";
		};
		920B5D7327972D17002DE112 /* ReportModel */ = {
			isa = PBXGroup;
			children = (
				9279654C27972F7D0063E34C /* FirstReport.swift */,
				9279654E27972FB50063E34C /* SecondReport.swift */,
				92796550279737800063E34C /* ThirdReport.swift */,
				9279655227973D670063E34C /* FourthReport.swift */,
				92796554279744E10063E34C /* TotalReport.swift */,
			);
			path = ReportModel;
			sourceTree = "<group>";
		};
		924A3E2927883834006482B1 /* DesignSystem */ = {
			isa = PBXGroup;
			children = (
				924A3E2C27883864006482B1 /* UIComponet */,
				924A3E2A2788383D006482B1 /* Font */,
			);
			path = DesignSystem;
			sourceTree = "<group>";
		};
		924A3E2A2788383D006482B1 /* Font */ = {
			isa = PBXGroup;
			children = (
				924A3E2F27883994006482B1 /* BDSFont.swift */,
			);
			path = Font;
			sourceTree = "<group>";
		};
		924A3E2C27883864006482B1 /* UIComponet */ = {
			isa = PBXGroup;
			children = (
				924A3E2D2788390E006482B1 /* BDSButton.swift */,
				5B6D7F8E278B3BEB00202230 /* BDSNavigationBar.swift */,
				5B6D7F7F278A2A8F00202230 /* BackButton.swift */,
				5B6D7F81278A2BCF00202230 /* CloseButton.swift */,
				5B8F13712794E57500385D5E /* BDSPopupView.swift */,
			);
			path = UIComponet;
			sourceTree = "<group>";
		};
		925E77F7278F7473009A96FB /* Cells */ = {
			isa = PBXGroup;
			children = (
				925E77F8278F7490009A96FB /* ReportSentenceCollectionViewCell.swift */,
			);
			path = Cells;
			sourceTree = "<group>";
		};
		927AF36427880B820018CC34 = {
			isa = PBXGroup;
			children = (
				5B304B70278824C80054314A /* swiftgen.yml */,
				927AF36F27880B820018CC34 /* Beforeget-iOS */,
				927AF36E27880B820018CC34 /* Products */,
				8BE74230A796E431079FC61E /* Pods */,
				CEBE864B6EB4B05BF4709142 /* Frameworks */,
			);
			sourceTree = "<group>";
		};
		927AF36E27880B820018CC34 /* Products */ = {
			isa = PBXGroup;
			children = (
				927AF36D27880B820018CC34 /* Beforeget-iOS.app */,
			);
			name = Products;
			sourceTree = "<group>";
		};
		927AF36F27880B820018CC34 /* Beforeget-iOS */ = {
			isa = PBXGroup;
			children = (
				927AF38627880CF00018CC34 /* Global */,
				927AF38727880CFC0018CC34 /* Network */,
				927AF38427880CB60018CC34 /* Source */,
				927AF38527880CEA0018CC34 /* Resource */,
			);
			path = "Beforeget-iOS";
			sourceTree = "<group>";
		};
		927AF38427880CB60018CC34 /* Source */ = {
			isa = PBXGroup;
			children = (
				927AF38A27880D9D0018CC34 /* Screen */,
			);
			path = Source;
			sourceTree = "<group>";
		};
		927AF38527880CEA0018CC34 /* Resource */ = {
			isa = PBXGroup;
			children = (
				927AF38D27880DFC0018CC34 /* Font */,
				927AF38C27880DEF0018CC34 /* Asset */,
				927AF38927880D7D0018CC34 /* Storyboard */,
				927AF38827880D590018CC34 /* Support */,
			);
			path = Resource;
			sourceTree = "<group>";
		};
		927AF38627880CF00018CC34 /* Global */ = {
			isa = PBXGroup;
			children = (
				924A3E2927883834006482B1 /* DesignSystem */,
				5B304B722788251A0054314A /* Constant */,
				927AF39D278811420018CC34 /* Extension */,
				927AF3D927881D9E0018CC34 /* Protocol */,
			);
			path = Global;
			sourceTree = "<group>";
		};
		927AF38727880CFC0018CC34 /* Network */ = {
			isa = PBXGroup;
			children = (
				920B5D2B27962E1F002DE112 /* APIService */,
				920B5D2A27962E13002DE112 /* APIModel */,
				927AF39727880F4E0018CC34 /* Base */,
			);
			path = Network;
			sourceTree = "<group>";
		};
		927AF38827880D590018CC34 /* Support */ = {
			isa = PBXGroup;
			children = (
				927AF37E27880B830018CC34 /* Info.plist */,
				927AF37027880B820018CC34 /* AppDelegate.swift */,
				927AF37227880B820018CC34 /* SceneDelegate.swift */,
			);
			path = Support;
			sourceTree = "<group>";
		};
		927AF38927880D7D0018CC34 /* Storyboard */ = {
			isa = PBXGroup;
			children = (
				927AF37627880B820018CC34 /* Main.storyboard */,
				927AF37B27880B830018CC34 /* LaunchScreen.storyboard */,
			);
			path = Storyboard;
			sourceTree = "<group>";
		};
		927AF38A27880D9D0018CC34 /* Screen */ = {
			isa = PBXGroup;
			children = (
				5B8F13852795840300385D5E /* Complete */,
				5B8F13622794131700385D5E /* Setting */,
				5BD114942790C1910063EB3B /* DetailRecord */,
				927AF3AA2788156E0018CC34 /* Report */,
				927AF3A92788155E0018CC34 /* MyRecord */,
				5B7BD112278D8F67000BC0FA /* Filter */,
				927AF3A8278814ED0018CC34 /* Post */,
				927AF38B27880DA50018CC34 /* Main */,
			);
			path = Screen;
			sourceTree = "<group>";
		};
		927AF38B27880DA50018CC34 /* Main */ = {
			isa = PBXGroup;
			children = (
				929CFB13278DE0E000FCA541 /* Controllers */,
				929CFB17278DE11100FCA541 /* Models */,
				929CFB1A278DE12900FCA541 /* Views */,
			);
			path = Main;
			sourceTree = "<group>";
		};
		927AF38C27880DEF0018CC34 /* Asset */ = {
			isa = PBXGroup;
			children = (
				9279655E2798C8250063E34C /* threeWhiteLine.json */,
				9279655627980F5B0063E34C /* mediaImageView.gif */,
				927AF37927880B830018CC34 /* Assets.xcassets */,
				5B304B742788257E0054314A /* Colors.xcassets */,
			);
			path = Asset;
			sourceTree = "<group>";
		};
		927AF38D27880DFC0018CC34 /* Font */ = {
			isa = PBXGroup;
			children = (
				927AF39527880EEF0018CC34 /* Pretendard */,
				927AF39427880EDD0018CC34 /* PPNeueMachina */,
			);
			path = Font;
			sourceTree = "<group>";
		};
		927AF39427880EDD0018CC34 /* PPNeueMachina */ = {
			isa = PBXGroup;
			children = (
				927AF38E27880ECE0018CC34 /* PPNeueMachina-Regular.otf */,
				927AF38F27880ECE0018CC34 /* PPNeueMachina-Ultrabold.otf */,
			);
			path = PPNeueMachina;
			sourceTree = "<group>";
		};
		927AF39527880EEF0018CC34 /* Pretendard */ = {
			isa = PBXGroup;
			children = (
				927AF39027880ECE0018CC34 /* Pretendard-Bold.otf */,
				927AF39227880ECE0018CC34 /* Pretendard-Medium.otf */,
				927AF39127880ECE0018CC34 /* Pretendard-Regular.otf */,
				927AF39327880ECE0018CC34 /* Pretendard-SemiBold.otf */,
			);
			path = Pretendard;
			sourceTree = "<group>";
		};
		927AF39727880F4E0018CC34 /* Base */ = {
			isa = PBXGroup;
			children = (
				920B5D4027969C94002DE112 /* NetworkResult.swift */,
				920B5D4427969D0D002DE112 /* MoyaLoggerPlugin.swift */,
				920B5D4C27969DCD002DE112 /* NetworkConstant.swift */,
				920B5D582796EF6F002DE112 /* BaseResponse.swift */,
				5B5FFCC12797357D00336A35 /* Token.swift */,
			);
			path = Base;
			sourceTree = "<group>";
		};
		927AF39D278811420018CC34 /* Extension */ = {
			isa = PBXGroup;
			children = (
				927AF39E278812D50018CC34 /* UILabel+.swift */,
				927AF3A2278813A60018CC34 /* UIScreen+.swift */,
				927AF3A4278813C00018CC34 /* UIView+.swift */,
				927AF3A6278813E00018CC34 /* UIViewController+.swift */,
				927AF3DE27881EC30018CC34 /* UIStackView+.swift */,
				927AF3E027881EDA0018CC34 /* UITextField+.swift */,
				5BD114B927913AE20063EB3B /* UIButton+.swift */,
				5B82542C27917F3A004BDA5D /* UIImage+.swift */,
				5BD114922790B3670063EB3B /* UICollectionView+.swift */,
				5B8F13662794655400385D5E /* Date+.swift */,
			);
			path = Extension;
			sourceTree = "<group>";
		};
		927AF3A8278814ED0018CC34 /* Post */ = {
			isa = PBXGroup;
			children = (
				E206FDA9278F230B00AFA390 /* Views */,
				927AF3AB2788161B0018CC34 /* Controllers */,
			);
			path = Post;
			sourceTree = "<group>";
		};
		927AF3A92788155E0018CC34 /* MyRecord */ = {
			isa = PBXGroup;
			children = (
				5B7BD119278DC12C000BC0FA /* Models */,
				5B7BD0F7278C49DC000BC0FA /* Views */,
				927AF3AE278816340018CC34 /* Controllers */,
			);
			path = MyRecord;
			sourceTree = "<group>";
		};
		927AF3AA2788156E0018CC34 /* Report */ = {
			isa = PBXGroup;
			children = (
				929CFB05278DE05000FCA541 /* Views */,
				929CFAF8278DE02700FCA541 /* Controllers */,
			);
			path = Report;
			sourceTree = "<group>";
		};
		927AF3AB2788161B0018CC34 /* Controllers */ = {
			isa = PBXGroup;
			children = (
				927AF3AC2788162E0018CC34 /* PostViewController.swift */,
				E2E27798278B52670083AFF5 /* MediaSelectViewController.swift */,
				E2F4072627947BD300E815E6 /* AddItemViewController.swift */,
				921E62A52794CC8B002E6CD1 /* OneLineViewController.swift */,
				5B8F138127957A4A00385D5E /* PostSavePopupViewController.swift */,
				5B8F138327957A5A00385D5E /* PostBackPopupViewController.swift */,
			);
			path = Controllers;
			sourceTree = "<group>";
		};
		927AF3AE278816340018CC34 /* Controllers */ = {
			isa = PBXGroup;
			children = (
				927AF3AF278816400018CC34 /* MyRecordViewController.swift */,
			);
			path = Controllers;
			sourceTree = "<group>";
		};
		927AF3D927881D9E0018CC34 /* Protocol */ = {
			isa = PBXGroup;
			children = (
				927AF3DA27881DE90018CC34 /* UICollectionViewRegisterable.swift */,
				927AF3DC27881E000018CC34 /* UITableViewRegisterable.swift */,
			);
			path = Protocol;
			sourceTree = "<group>";
		};
		929CFAF8278DE02700FCA541 /* Controllers */ = {
			isa = PBXGroup;
			children = (
				929CFAFB278DE04200FCA541 /* ReportGraphViewController.swift */,
				929CFAFC278DE04200FCA541 /* ReportLabelViewController.swift */,
				929CFAFA278DE04200FCA541 /* ReportOnePageViewController.swift */,
				929CFAFE278DE04200FCA541 /* ReportRankingViewController.swift */,
				929CFAF9278DE04200FCA541 /* ReportSentenceViewController.swift */,
				929CFAFD278DE04200FCA541 /* ReportViewController.swift */,
			);
			path = Controllers;
			sourceTree = "<group>";
		};
		929CFB05278DE05000FCA541 /* Views */ = {
			isa = PBXGroup;
			children = (
				925E77F7278F7473009A96FB /* Cells */,
				929CFB12278DE0D100FCA541 /* Components */,
				929CFB06278DE06400FCA541 /* ReportDescriptionView.swift */,
				929CFB0A278DE06500FCA541 /* ReportGraphView.swift */,
				929CFB07278DE06400FCA541 /* ReportRankingView.swift */,
				929CFB08278DE06500FCA541 /* ReportTopView.swift */,
				929CFB26278EBE6200FCA541 /* BarView.swift */,
				929CFB29278EEA4600FCA541 /* ReportSentenceView.swift */,
				9277486A27902CBC00FAAE77 /* ReportOnePageView.swift */,
				9279656027995A6F0063E34C /* ReportLoadingView.swift */,
			);
			path = Views;
			sourceTree = "<group>";
		};
		929CFB12278DE0D100FCA541 /* Components */ = {
			isa = PBXGroup;
			children = (
				929CFB0B278DE06500FCA541 /* MonthYearPickerView.swift */,
				929CFB09278DE06500FCA541 /* RespondingButton.swift */,
			);
			path = Components;
			sourceTree = "<group>";
		};
		929CFB13278DE0E000FCA541 /* Controllers */ = {
			isa = PBXGroup;
			children = (
				929CFB14278DE0E800FCA541 /* MainViewController.swift */,
			);
			path = Controllers;
			sourceTree = "<group>";
		};
		929CFB17278DE11100FCA541 /* Models */ = {
			isa = PBXGroup;
			children = (
				929CFB18278DE11E00FCA541 /* Media.swift */,
				E206FDAA278F23A900AFA390 /* MediaType.swift */,
			);
			path = Models;
			sourceTree = "<group>";
		};
		929CFB1A278DE12900FCA541 /* Views */ = {
			isa = PBXGroup;
			children = (
				929CFB1B278DE13600FCA541 /* RecordCollectionViewCell.swift */,
			);
			path = Views;
			sourceTree = "<group>";
		};
		CEBE864B6EB4B05BF4709142 /* Frameworks */ = {
			isa = PBXGroup;
			children = (
				158141424A1465ED3870E972 /* Pods_Beforeget_iOS.framework */,
			);
			name = Frameworks;
			sourceTree = "<group>";
		};
		E206FDA9278F230B00AFA390 /* Views */ = {
			isa = PBXGroup;
			children = (
				E206FDAD278F35A500AFA390 /* Components */,
				E2E2779A278B67590083AFF5 /* Cells */,
			);
			path = Views;
			sourceTree = "<group>";
		};
		E206FDAD278F35A500AFA390 /* Components */ = {
			isa = PBXGroup;
			children = (
				E206FDB2278F478400AFA390 /* WritingHeaderView.swift */,
				5B8F1379279576F600385D5E /* WritingSavePopupView.swift */,
				5B8F137B2795776100385D5E /* WritingBackPopupView.swift */,
			);
			path = Components;
			sourceTree = "<group>";
		};
		E2AF576C2797162700410136 /* Write */ = {
			isa = PBXGroup;
			children = (
				E2B69CD9279031E800F9C2DD /* TitleTableViewCell.swift */,
				E2B69CDB2790321800F9C2DD /* OneLineReviewTableViewCell.swift */,
				E2B69CDD2790322500F9C2DD /* WriteTextTableViewCell.swift */,
				921E62A72794CE3D002E6CD1 /* GoodOneLineCollectionViewCell.swift */,
				921E62A92794CE48002E6CD1 /* BadOneLineCollectionViewCell.swift */,
				921E62AB2794D188002E6CD1 /* OneLineTextCollectionViewCell.swift */,
			);
			path = Write;
			sourceTree = "<group>";
		};
		E2AF576D2797163100410136 /* Select */ = {
			isa = PBXGroup;
			children = (
				E2E2779B278B68560083AFF5 /* MediaSelectCollectionViewCell.swift */,
			);
			path = Select;
			sourceTree = "<group>";
		};
		E2AF576E2797163800410136 /* Add */ = {
			isa = PBXGroup;
			children = (
				E2F407282794840A00E815E6 /* AddItemCollectionViewCell.swift */,
			);
			path = Add;
			sourceTree = "<group>";
		};
		E2E2779A278B67590083AFF5 /* Cells */ = {
			isa = PBXGroup;
			children = (
				E2AF576D2797163100410136 /* Select */,
				E2AF576E2797163800410136 /* Add */,
				E2AF576C2797162700410136 /* Write */,
			);
			path = Cells;
			sourceTree = "<group>";
		};
		E2FC762B279815580048909A /* PostAPI */ = {
			isa = PBXGroup;
			children = (
				E2FC762C279815F20048909A /* PostService.swift */,
				E2FC762E279816050048909A /* PostAPI.swift */,
			);
			path = PostAPI;
			sourceTree = "<group>";
		};
		E2FC7630279841E00048909A /* PostModel */ = {
			isa = PBXGroup;
			children = (
				E2FC7631279841F20048909A /* PostRequest.swift */,
				E2FC7635279855D90048909A /* OneLine.swift */,
				E2FC76372798563B0048909A /* RecommendItem.swift */,
				E2FC7639279859B90048909A /* PostResponse.swift */,
			);
			path = PostModel;
			sourceTree = "<group>";
		};
/* End PBXGroup section */

/* Begin PBXNativeTarget section */
		927AF36C27880B820018CC34 /* Beforeget-iOS */ = {
			isa = PBXNativeTarget;
			buildConfigurationList = 927AF38127880B830018CC34 /* Build configuration list for PBXNativeTarget "Beforeget-iOS" */;
			buildPhases = (
				39B4BB462CF3F1F15D540DD4 /* [CP] Check Pods Manifest.lock */,
				5B304B73278825470054314A /* ShellScript */,
				927AF36927880B820018CC34 /* Sources */,
				927AF36A27880B820018CC34 /* Frameworks */,
				927AF36B27880B820018CC34 /* Resources */,
				FCEA452953764A8CA3F6F4A1 /* [CP] Embed Pods Frameworks */,
			);
			buildRules = (
			);
			dependencies = (
			);
			name = "Beforeget-iOS";
			productName = "Beforeget-iOS";
			productReference = 927AF36D27880B820018CC34 /* Beforeget-iOS.app */;
			productType = "com.apple.product-type.application";
		};
/* End PBXNativeTarget section */

/* Begin PBXProject section */
		927AF36527880B820018CC34 /* Project object */ = {
			isa = PBXProject;
			attributes = {
				BuildIndependentTargetsInParallel = 1;
				LastSwiftUpdateCheck = 1320;
				LastUpgradeCheck = 1320;
				TargetAttributes = {
					927AF36C27880B820018CC34 = {
						CreatedOnToolsVersion = 13.2.1;
					};
				};
			};
			buildConfigurationList = 927AF36827880B820018CC34 /* Build configuration list for PBXProject "Beforeget-iOS" */;
			compatibilityVersion = "Xcode 13.0";
			developmentRegion = en;
			hasScannedForEncodings = 0;
			knownRegions = (
				en,
				Base,
			);
			mainGroup = 927AF36427880B820018CC34;
			productRefGroup = 927AF36E27880B820018CC34 /* Products */;
			projectDirPath = "";
			projectRoot = "";
			targets = (
				927AF36C27880B820018CC34 /* Beforeget-iOS */,
			);
		};
/* End PBXProject section */

/* Begin PBXResourcesBuildPhase section */
		927AF36B27880B820018CC34 /* Resources */ = {
			isa = PBXResourcesBuildPhase;
			buildActionMask = 2147483647;
			files = (
				9279655727980F5B0063E34C /* mediaImageView.gif in Resources */,
				927AF3B7278817E40018CC34 /* Pretendard-Medium.otf in Resources */,
				5B304B71278824C80054314A /* swiftgen.yml in Resources */,
				5B304B752788257F0054314A /* Colors.xcassets in Resources */,
				927AF37D27880B830018CC34 /* LaunchScreen.storyboard in Resources */,
				927AF3B9278817E80018CC34 /* PPNeueMachina-Ultrabold.otf in Resources */,
				927AF3B4278817E40018CC34 /* Pretendard-Bold.otf in Resources */,
				927AF3B5278817E40018CC34 /* Pretendard-Regular.otf in Resources */,
				927AF3B6278817E40018CC34 /* Pretendard-SemiBold.otf in Resources */,
				927AF3B8278817E80018CC34 /* PPNeueMachina-Regular.otf in Resources */,
				927AF37A27880B830018CC34 /* Assets.xcassets in Resources */,
				9279655F2798C8250063E34C /* threeWhiteLine.json in Resources */,
				927AF37827880B820018CC34 /* Main.storyboard in Resources */,
			);
			runOnlyForDeploymentPostprocessing = 0;
		};
/* End PBXResourcesBuildPhase section */

/* Begin PBXShellScriptBuildPhase section */
		39B4BB462CF3F1F15D540DD4 /* [CP] Check Pods Manifest.lock */ = {
			isa = PBXShellScriptBuildPhase;
			buildActionMask = 2147483647;
			files = (
			);
			inputFileListPaths = (
			);
			inputPaths = (
				"${PODS_PODFILE_DIR_PATH}/Podfile.lock",
				"${PODS_ROOT}/Manifest.lock",
			);
			name = "[CP] Check Pods Manifest.lock";
			outputFileListPaths = (
			);
			outputPaths = (
				"$(DERIVED_FILE_DIR)/Pods-Beforeget-iOS-checkManifestLockResult.txt",
			);
			runOnlyForDeploymentPostprocessing = 0;
			shellPath = /bin/sh;
			shellScript = "diff \"${PODS_PODFILE_DIR_PATH}/Podfile.lock\" \"${PODS_ROOT}/Manifest.lock\" > /dev/null\nif [ $? != 0 ] ; then\n    # print error to STDERR\n    echo \"error: The sandbox is not in sync with the Podfile.lock. Run 'pod install' or update your CocoaPods installation.\" >&2\n    exit 1\nfi\n# This output is used by Xcode 'outputs' to avoid re-running this script phase.\necho \"SUCCESS\" > \"${SCRIPT_OUTPUT_FILE_0}\"\n";
			showEnvVarsInLog = 0;
		};
		5B304B73278825470054314A /* ShellScript */ = {
			isa = PBXShellScriptBuildPhase;
			buildActionMask = 2147483647;
			files = (
			);
			inputFileListPaths = (
			);
			inputPaths = (
			);
			outputFileListPaths = (
			);
			outputPaths = (
			);
			runOnlyForDeploymentPostprocessing = 0;
			shellPath = /bin/sh;
			shellScript = "if [[ -f \"${PODS_ROOT}/SwiftGen/bin/swiftgen\" ]]; then\n  \"${PODS_ROOT}/SwiftGen/bin/swiftgen\"\nelse\n  echo \"warning: SwiftGen is not installed. Run 'pod install --repo-update' to install it.\"\nfi\n";
		};
		FCEA452953764A8CA3F6F4A1 /* [CP] Embed Pods Frameworks */ = {
			isa = PBXShellScriptBuildPhase;
			buildActionMask = 2147483647;
			files = (
			);
			inputFileListPaths = (
				"${PODS_ROOT}/Target Support Files/Pods-Beforeget-iOS/Pods-Beforeget-iOS-frameworks-${CONFIGURATION}-input-files.xcfilelist",
			);
			name = "[CP] Embed Pods Frameworks";
			outputFileListPaths = (
				"${PODS_ROOT}/Target Support Files/Pods-Beforeget-iOS/Pods-Beforeget-iOS-frameworks-${CONFIGURATION}-output-files.xcfilelist",
			);
			runOnlyForDeploymentPostprocessing = 0;
			shellPath = /bin/sh;
			shellScript = "\"${PODS_ROOT}/Target Support Files/Pods-Beforeget-iOS/Pods-Beforeget-iOS-frameworks.sh\"\n";
			showEnvVarsInLog = 0;
		};
/* End PBXShellScriptBuildPhase section */

/* Begin PBXSourcesBuildPhase section */
		927AF36927880B820018CC34 /* Sources */ = {
			isa = PBXSourcesBuildPhase;
			buildActionMask = 2147483647;
			files = (
				5BB7A90E27959FA40019633B /* DetailRecordDeletePopupViewController.swift in Sources */,
				5BB7A90F27959FA40019633B /* DetailRecordEditPopupViewController.swift in Sources */,
				5BB7A90A27959F7C0019633B /* DeletePopupView.swift in Sources */,
				5BB7A90B27959F7C0019633B /* EditPopupView.swift in Sources */,
				920B5D162795AD11002DE112 /* BDSNavigationBar.swift in Sources */,
				920B5D152795AD0D002DE112 /* BarView.swift in Sources */,
				920B5D4527969D0D002DE112 /* MoyaLoggerPlugin.swift in Sources */,
				920B5D142795AD05002DE112 /* ReportTopView.swift in Sources */,
				E206FDAB278F23A900AFA390 /* MediaType.swift in Sources */,
				E2FC762D279815F20048909A /* PostService.swift in Sources */,
				E2F4072527940B8900E815E6 /* NotificationName.swift in Sources */,
				5B7BD106278CA2E0000BC0FA /* FilterView.swift in Sources */,
				5B8F13702794D37D00385D5E /* SettingFooterView.swift in Sources */,
				927AF39F278812D50018CC34 /* UILabel+.swift in Sources */,
				5B8F137A279576F600385D5E /* WritingSavePopupView.swift in Sources */,
				E2E27799278B52670083AFF5 /* MediaSelectViewController.swift in Sources */,
				5B6D7F80278A2A8F00202230 /* BackButton.swift in Sources */,
				E2F4072727947BD300E815E6 /* AddItemViewController.swift in Sources */,
				929CFB0F278DE06500FCA541 /* RespondingButton.swift in Sources */,
				929CFB00278DE04200FCA541 /* ReportOnePageViewController.swift in Sources */,
				5BD114A32790C44F0063EB3B /* CommaTableViewCell.swift in Sources */,
				5BD114BC279175680063EB3B /* DetailRecordHeaderView.swift in Sources */,
				921E62A62794CC8B002E6CD1 /* OneLineViewController.swift in Sources */,
				921E62AA2794CE48002E6CD1 /* BadOneLineCollectionViewCell.swift in Sources */,
				929CFB01278DE04200FCA541 /* ReportGraphViewController.swift in Sources */,
				929CFAFF278DE04200FCA541 /* ReportSentenceViewController.swift in Sources */,
				5BD114982790C1C20063EB3B /* DetailRecordViewController.swift in Sources */,
				9279655327973D670063E34C /* FourthReport.swift in Sources */,
				5BD114AB2790C4730063EB3B /* LineTableViewCell.swift in Sources */,
				927AF3A7278813E00018CC34 /* UIViewController+.swift in Sources */,
				929CFB1C278DE13600FCA541 /* RecordCollectionViewCell.swift in Sources */,
				5B8F1365279415FD00385D5E /* SettingViewController.swift in Sources */,
				E206FDB3278F478400AFA390 /* WritingHeaderView.swift in Sources */,
				5B83EF33278E388C00D07AC7 /* DatePickerTableViewCell.swift in Sources */,
				927AF3B0278816400018CC34 /* MyRecordViewController.swift in Sources */,
				E2B69CDA279031E800F9C2DD /* TitleTableViewCell.swift in Sources */,
				5BD114B8279133710063EB3B /* CellTitleLabel.swift in Sources */,
				5BD114A92790C4680063EB3B /* SongTableViewCell.swift in Sources */,
				921E62AC2794D188002E6CD1 /* OneLineTextCollectionViewCell.swift in Sources */,
				5B86AEBB278F7BC9001C4486 /* StarCollectionViewCell.swift in Sources */,
				5B83EF2D278E1AC400D07AC7 /* Filter.swift in Sources */,
				5B7BD11B278DC50C000BC0FA /* Record.swift in Sources */,
				5B7BD108278CD324000BC0FA /* FilterModalViewController.swift in Sources */,
				929CFB15278DE0E800FCA541 /* MainViewController.swift in Sources */,
				927AF3E127881EDA0018CC34 /* UITextField+.swift in Sources */,
				929CFB04278DE04200FCA541 /* ReportRankingViewController.swift in Sources */,
				924A3E3027883994006482B1 /* BDSFont.swift in Sources */,
				E2FC7632279841F20048909A /* PostRequest.swift in Sources */,
				5B82542D27917F3A004BDA5D /* UIImage+.swift in Sources */,
				5B8F136B2794C77900385D5E /* SettingTableViewCell.swift in Sources */,
				924A3E2E2788390E006482B1 /* BDSButton.swift in Sources */,
				E2FC763A279859B90048909A /* PostResponse.swift in Sources */,
				929CFB03278DE04200FCA541 /* ReportViewController.swift in Sources */,
				5BD114A12790C4440063EB3B /* ImageTableViewCell.swift in Sources */,
				5BD1149F2790C4390063EB3B /* CommentDetailTableViewCell.swift in Sources */,
				92796555279744E10063E34C /* TotalReport.swift in Sources */,
				9279654D27972F7D0063E34C /* FirstReport.swift in Sources */,
				927AF3A3278813A60018CC34 /* UIScreen+.swift in Sources */,
				925E77F9278F7490009A96FB /* ReportSentenceCollectionViewCell.swift in Sources */,
				5B82542F279182E3004BDA5D /* ReviewTagCollectionViewCell.swift in Sources */,
				929CFB11278DE06500FCA541 /* MonthYearPickerView.swift in Sources */,
				929CFB02278DE04200FCA541 /* ReportLabelViewController.swift in Sources */,
				5B8F137C2795776100385D5E /* WritingBackPopupView.swift in Sources */,
				929CFB10278DE06500FCA541 /* ReportGraphView.swift in Sources */,
				92796551279737800063E34C /* ThirdReport.swift in Sources */,
				5B6D7F82278A2BCF00202230 /* CloseButton.swift in Sources */,
				5B8F13672794655400385D5E /* Date+.swift in Sources */,
				5B7BD118278DA2D2000BC0FA /* FilterCollectionViewCell.swift in Sources */,
				5B8F13882795847300385D5E /* CompleteViewController.swift in Sources */,
				927AF3DF27881EC30018CC34 /* UIStackView+.swift in Sources */,
				920B5D7527972D32002DE112 /* ReportAPI.swift in Sources */,
				920B5D4727969D36002DE112 /* Main.swift in Sources */,
				5B8F138427957A5A00385D5E /* PostBackPopupViewController.swift in Sources */,
				5B7BD10E278D8AE9000BC0FA /* MenuBarCollectionViewCell.swift in Sources */,
				E2E2779C278B68560083AFF5 /* MediaSelectCollectionViewCell.swift in Sources */,
				929CFB2A278EEA4600FCA541 /* ReportSentenceView.swift in Sources */,
				5B8F138227957A4A00385D5E /* PostSavePopupViewController.swift in Sources */,
				5B83EF31278E381200D07AC7 /* DateTableViewCell.swift in Sources */,
				5B83EF2F278E1E2A00D07AC7 /* FilterButtonCollectionViewCell.swift in Sources */,
				5B5FFCC22797357D00336A35 /* Token.swift in Sources */,
				929CFB0D278DE06500FCA541 /* ReportRankingView.swift in Sources */,
				5BD114AD2790C4960063EB3B /* LinkTableViewCell.swift in Sources */,
				E2FC76382798563B0048909A /* RecommendItem.swift in Sources */,
				927AF3DD27881E000018CC34 /* UITableViewRegisterable.swift in Sources */,
				5B7BD0F9278C4F69000BC0FA /* MyRecordTableViewCell.swift in Sources */,
				920B5D4927969D94002DE112 /* MainAPI.swift in Sources */,
				920B5D7727972D51002DE112 /* ReportService.swift in Sources */,
				927AF37127880B820018CC34 /* AppDelegate.swift in Sources */,
				920B5D4127969C94002DE112 /* NetworkResult.swift in Sources */,
				920B5D4B27969DAA002DE112 /* MainService.swift in Sources */,
				927AF3DB27881DE90018CC34 /* UICollectionViewRegisterable.swift in Sources */,
				E2FC7636279855D90048909A /* OneLine.swift in Sources */,
				5B8254312791895C004BDA5D /* LeftAlignmentCollectionViewFlowLayout.swift in Sources */,
				5BD114A72790C45F0063EB3B /* TextTableViewCell.swift in Sources */,
				927AF3A5278813C00018CC34 /* UIView+.swift in Sources */,
				E2B69CDE2790322500F9C2DD /* WriteTextTableViewCell.swift in Sources */,
				5B304B7727882AF30054314A /* Assets+Generated.swift in Sources */,
				E2B69CDC2790321800F9C2DD /* OneLineReviewTableViewCell.swift in Sources */,
				5BD114B12790C5BF0063EB3B /* DetailRecordSection.swift in Sources */,
				5B7BD10C278D870F000BC0FA /* MenuBarView.swift in Sources */,
				927AF37327880B820018CC34 /* SceneDelegate.swift in Sources */,
				921E62A82794CE3D002E6CD1 /* GoodOneLineCollectionViewCell.swift in Sources */,
				929CFB19278DE11E00FCA541 /* Media.swift in Sources */,
				E2F407292794840A00E815E6 /* AddItemCollectionViewCell.swift in Sources */,
				5B82543727918D23004BDA5D /* StampCollectionViewCell.swift in Sources */,
				5BD114A52790C4570063EB3B /* GenreTableViewCell.swift in Sources */,
				5BD114AF2790C4A80063EB3B /* StampTableViewCell.swift in Sources */,
				5B82543327918CD5004BDA5D /* GenreCollectionViewCell.swift in Sources */,
				E2FC762F279816050048909A /* PostAPI.swift in Sources */,
				5BD114BA27913AE20063EB3B /* UIButton+.swift in Sources */,
				5BD114932790B3680063EB3B /* UICollectionView+.swift in Sources */,
				9279656127995A6F0063E34C /* ReportLoadingView.swift in Sources */,
				9279654F27972FB50063E34C /* SecondReport.swift in Sources */,
				5B8F136E2794CA5B00385D5E /* SettingHeaderView.swift in Sources */,
				5B8F13722794E57500385D5E /* BDSPopupView.swift in Sources */,
				920B5D592796EF6F002DE112 /* BaseResponse.swift in Sources */,
				5B8F136E2794CA5B00385D5E /* SettingHeaderView.swift in Sources */,
				5B8F13722794E57500385D5E /* BDSPopupView.swift in Sources */,
				9277486B27902CBC00FAAE77 /* ReportOnePageView.swift in Sources */,
				5B86AEB9278F7B22001C4486 /* MediaCollectionViewCell.swift in Sources */,
				929CFB0C278DE06500FCA541 /* ReportDescriptionView.swift in Sources */,
				5B304B792788304B0054314A /* Fonts.swift in Sources */,
				5B8254392791A623004BDA5D /* SongListTableViewCell.swift in Sources */,
				920B5D4D27969DCD002DE112 /* NetworkConstant.swift in Sources */,
				5B7BD111278D8B6C000BC0FA /* Menu.swift in Sources */,
				927AF3AD2788162E0018CC34 /* PostViewController.swift in Sources */,
			);
			runOnlyForDeploymentPostprocessing = 0;
		};
/* End PBXSourcesBuildPhase section */

/* Begin PBXVariantGroup section */
		927AF37627880B820018CC34 /* Main.storyboard */ = {
			isa = PBXVariantGroup;
			children = (
				927AF37727880B820018CC34 /* Base */,
			);
			name = Main.storyboard;
			sourceTree = "<group>";
		};
		927AF37B27880B830018CC34 /* LaunchScreen.storyboard */ = {
			isa = PBXVariantGroup;
			children = (
				927AF37C27880B830018CC34 /* Base */,
			);
			name = LaunchScreen.storyboard;
			sourceTree = "<group>";
		};
/* End PBXVariantGroup section */

/* Begin XCBuildConfiguration section */
		927AF37F27880B830018CC34 /* Debug */ = {
			isa = XCBuildConfiguration;
			buildSettings = {
				ALWAYS_SEARCH_USER_PATHS = NO;
				CLANG_ANALYZER_NONNULL = YES;
				CLANG_ANALYZER_NUMBER_OBJECT_CONVERSION = YES_AGGRESSIVE;
				CLANG_CXX_LANGUAGE_STANDARD = "gnu++17";
				CLANG_CXX_LIBRARY = "libc++";
				CLANG_ENABLE_MODULES = YES;
				CLANG_ENABLE_OBJC_ARC = YES;
				CLANG_ENABLE_OBJC_WEAK = YES;
				CLANG_WARN_BLOCK_CAPTURE_AUTORELEASING = YES;
				CLANG_WARN_BOOL_CONVERSION = YES;
				CLANG_WARN_COMMA = YES;
				CLANG_WARN_CONSTANT_CONVERSION = YES;
				CLANG_WARN_DEPRECATED_OBJC_IMPLEMENTATIONS = YES;
				CLANG_WARN_DIRECT_OBJC_ISA_USAGE = YES_ERROR;
				CLANG_WARN_DOCUMENTATION_COMMENTS = YES;
				CLANG_WARN_EMPTY_BODY = YES;
				CLANG_WARN_ENUM_CONVERSION = YES;
				CLANG_WARN_INFINITE_RECURSION = YES;
				CLANG_WARN_INT_CONVERSION = YES;
				CLANG_WARN_NON_LITERAL_NULL_CONVERSION = YES;
				CLANG_WARN_OBJC_IMPLICIT_RETAIN_SELF = YES;
				CLANG_WARN_OBJC_LITERAL_CONVERSION = YES;
				CLANG_WARN_OBJC_ROOT_CLASS = YES_ERROR;
				CLANG_WARN_QUOTED_INCLUDE_IN_FRAMEWORK_HEADER = YES;
				CLANG_WARN_RANGE_LOOP_ANALYSIS = YES;
				CLANG_WARN_STRICT_PROTOTYPES = YES;
				CLANG_WARN_SUSPICIOUS_MOVE = YES;
				CLANG_WARN_UNGUARDED_AVAILABILITY = YES_AGGRESSIVE;
				CLANG_WARN_UNREACHABLE_CODE = YES;
				CLANG_WARN__DUPLICATE_METHOD_MATCH = YES;
				COPY_PHASE_STRIP = NO;
				DEBUG_INFORMATION_FORMAT = dwarf;
				ENABLE_STRICT_OBJC_MSGSEND = YES;
				ENABLE_TESTABILITY = YES;
				GCC_C_LANGUAGE_STANDARD = gnu11;
				GCC_DYNAMIC_NO_PIC = NO;
				GCC_NO_COMMON_BLOCKS = YES;
				GCC_OPTIMIZATION_LEVEL = 0;
				GCC_PREPROCESSOR_DEFINITIONS = (
					"DEBUG=1",
					"$(inherited)",
				);
				GCC_WARN_64_TO_32_BIT_CONVERSION = YES;
				GCC_WARN_ABOUT_RETURN_TYPE = YES_ERROR;
				GCC_WARN_UNDECLARED_SELECTOR = YES;
				GCC_WARN_UNINITIALIZED_AUTOS = YES_AGGRESSIVE;
				GCC_WARN_UNUSED_FUNCTION = YES;
				GCC_WARN_UNUSED_VARIABLE = YES;
				IPHONEOS_DEPLOYMENT_TARGET = 15.0;
				MTL_ENABLE_DEBUG_INFO = INCLUDE_SOURCE;
				MTL_FAST_MATH = YES;
				ONLY_ACTIVE_ARCH = YES;
				SDKROOT = iphoneos;
				SWIFT_ACTIVE_COMPILATION_CONDITIONS = DEBUG;
				SWIFT_OPTIMIZATION_LEVEL = "-Onone";
			};
			name = Debug;
		};
		927AF38027880B830018CC34 /* Release */ = {
			isa = XCBuildConfiguration;
			buildSettings = {
				ALWAYS_SEARCH_USER_PATHS = NO;
				CLANG_ANALYZER_NONNULL = YES;
				CLANG_ANALYZER_NUMBER_OBJECT_CONVERSION = YES_AGGRESSIVE;
				CLANG_CXX_LANGUAGE_STANDARD = "gnu++17";
				CLANG_CXX_LIBRARY = "libc++";
				CLANG_ENABLE_MODULES = YES;
				CLANG_ENABLE_OBJC_ARC = YES;
				CLANG_ENABLE_OBJC_WEAK = YES;
				CLANG_WARN_BLOCK_CAPTURE_AUTORELEASING = YES;
				CLANG_WARN_BOOL_CONVERSION = YES;
				CLANG_WARN_COMMA = YES;
				CLANG_WARN_CONSTANT_CONVERSION = YES;
				CLANG_WARN_DEPRECATED_OBJC_IMPLEMENTATIONS = YES;
				CLANG_WARN_DIRECT_OBJC_ISA_USAGE = YES_ERROR;
				CLANG_WARN_DOCUMENTATION_COMMENTS = YES;
				CLANG_WARN_EMPTY_BODY = YES;
				CLANG_WARN_ENUM_CONVERSION = YES;
				CLANG_WARN_INFINITE_RECURSION = YES;
				CLANG_WARN_INT_CONVERSION = YES;
				CLANG_WARN_NON_LITERAL_NULL_CONVERSION = YES;
				CLANG_WARN_OBJC_IMPLICIT_RETAIN_SELF = YES;
				CLANG_WARN_OBJC_LITERAL_CONVERSION = YES;
				CLANG_WARN_OBJC_ROOT_CLASS = YES_ERROR;
				CLANG_WARN_QUOTED_INCLUDE_IN_FRAMEWORK_HEADER = YES;
				CLANG_WARN_RANGE_LOOP_ANALYSIS = YES;
				CLANG_WARN_STRICT_PROTOTYPES = YES;
				CLANG_WARN_SUSPICIOUS_MOVE = YES;
				CLANG_WARN_UNGUARDED_AVAILABILITY = YES_AGGRESSIVE;
				CLANG_WARN_UNREACHABLE_CODE = YES;
				CLANG_WARN__DUPLICATE_METHOD_MATCH = YES;
				COPY_PHASE_STRIP = NO;
				DEBUG_INFORMATION_FORMAT = "dwarf-with-dsym";
				ENABLE_NS_ASSERTIONS = NO;
				ENABLE_STRICT_OBJC_MSGSEND = YES;
				GCC_C_LANGUAGE_STANDARD = gnu11;
				GCC_NO_COMMON_BLOCKS = YES;
				GCC_WARN_64_TO_32_BIT_CONVERSION = YES;
				GCC_WARN_ABOUT_RETURN_TYPE = YES_ERROR;
				GCC_WARN_UNDECLARED_SELECTOR = YES;
				GCC_WARN_UNINITIALIZED_AUTOS = YES_AGGRESSIVE;
				GCC_WARN_UNUSED_FUNCTION = YES;
				GCC_WARN_UNUSED_VARIABLE = YES;
				IPHONEOS_DEPLOYMENT_TARGET = 15.0;
				MTL_ENABLE_DEBUG_INFO = NO;
				MTL_FAST_MATH = YES;
				SDKROOT = iphoneos;
				SWIFT_COMPILATION_MODE = wholemodule;
				SWIFT_OPTIMIZATION_LEVEL = "-O";
				VALIDATE_PRODUCT = YES;
			};
			name = Release;
		};
		927AF38227880B830018CC34 /* Debug */ = {
			isa = XCBuildConfiguration;
			baseConfigurationReference = AC34B233BE4990708382B205 /* Pods-Beforeget-iOS.debug.xcconfig */;
			buildSettings = {
				ASSETCATALOG_COMPILER_APPICON_NAME = AppIcon;
				ASSETCATALOG_COMPILER_GLOBAL_ACCENT_COLOR_NAME = AccentColor;
				CODE_SIGN_STYLE = Automatic;
				CURRENT_PROJECT_VERSION = 1;
				DEVELOPMENT_TEAM = 4QG3GC35LA;
				GENERATE_INFOPLIST_FILE = YES;
				INFOPLIST_FILE = "Beforeget-iOS/Resource/Support/Info.plist";
				INFOPLIST_KEY_UIApplicationSupportsIndirectInputEvents = YES;
				INFOPLIST_KEY_UILaunchStoryboardName = LaunchScreen;
				INFOPLIST_KEY_UIMainStoryboardFile = Main;
				INFOPLIST_KEY_UISupportedInterfaceOrientations_iPad = "UIInterfaceOrientationPortrait UIInterfaceOrientationPortraitUpsideDown UIInterfaceOrientationLandscapeLeft UIInterfaceOrientationLandscapeRight";
				INFOPLIST_KEY_UISupportedInterfaceOrientations_iPhone = "UIInterfaceOrientationPortrait UIInterfaceOrientationLandscapeLeft UIInterfaceOrientationLandscapeRight";
				IPHONEOS_DEPLOYMENT_TARGET = 15.0;
				LD_RUNPATH_SEARCH_PATHS = (
					"$(inherited)",
					"@executable_path/Frameworks",
				);
				MARKETING_VERSION = 1.0;
				PRODUCT_BUNDLE_IDENTIFIER = "soyeon.Beforeget-iOS";
				PRODUCT_NAME = "$(TARGET_NAME)";
				SWIFT_COMPILATION_MODE = wholemodule;
				SWIFT_EMIT_LOC_STRINGS = YES;
				SWIFT_VERSION = 5.0;
				TARGETED_DEVICE_FAMILY = "1,2";
			};
			name = Debug;
		};
		927AF38327880B830018CC34 /* Release */ = {
			isa = XCBuildConfiguration;
			baseConfigurationReference = 6696C21B3D46EDD420E877D4 /* Pods-Beforeget-iOS.release.xcconfig */;
			buildSettings = {
				ASSETCATALOG_COMPILER_APPICON_NAME = AppIcon;
				ASSETCATALOG_COMPILER_GLOBAL_ACCENT_COLOR_NAME = AccentColor;
				CODE_SIGN_STYLE = Automatic;
				CURRENT_PROJECT_VERSION = 1;
				DEVELOPMENT_TEAM = 4QG3GC35LA;
				GENERATE_INFOPLIST_FILE = YES;
				INFOPLIST_FILE = "Beforeget-iOS/Resource/Support/Info.plist";
				INFOPLIST_KEY_UIApplicationSupportsIndirectInputEvents = YES;
				INFOPLIST_KEY_UILaunchStoryboardName = LaunchScreen;
				INFOPLIST_KEY_UIMainStoryboardFile = Main;
				INFOPLIST_KEY_UISupportedInterfaceOrientations_iPad = "UIInterfaceOrientationPortrait UIInterfaceOrientationPortraitUpsideDown UIInterfaceOrientationLandscapeLeft UIInterfaceOrientationLandscapeRight";
				INFOPLIST_KEY_UISupportedInterfaceOrientations_iPhone = "UIInterfaceOrientationPortrait UIInterfaceOrientationLandscapeLeft UIInterfaceOrientationLandscapeRight";
				IPHONEOS_DEPLOYMENT_TARGET = 15.0;
				LD_RUNPATH_SEARCH_PATHS = (
					"$(inherited)",
					"@executable_path/Frameworks",
				);
				MARKETING_VERSION = 1.0;
				PRODUCT_BUNDLE_IDENTIFIER = "soyeon.Beforeget-iOS";
				PRODUCT_NAME = "$(TARGET_NAME)";
				SWIFT_EMIT_LOC_STRINGS = YES;
				SWIFT_VERSION = 5.0;
				TARGETED_DEVICE_FAMILY = "1,2";
			};
			name = Release;
		};
/* End XCBuildConfiguration section */

/* Begin XCConfigurationList section */
		927AF36827880B820018CC34 /* Build configuration list for PBXProject "Beforeget-iOS" */ = {
			isa = XCConfigurationList;
			buildConfigurations = (
				927AF37F27880B830018CC34 /* Debug */,
				927AF38027880B830018CC34 /* Release */,
			);
			defaultConfigurationIsVisible = 0;
			defaultConfigurationName = Release;
		};
		927AF38127880B830018CC34 /* Build configuration list for PBXNativeTarget "Beforeget-iOS" */ = {
			isa = XCConfigurationList;
			buildConfigurations = (
				927AF38227880B830018CC34 /* Debug */,
				927AF38327880B830018CC34 /* Release */,
			);
			defaultConfigurationIsVisible = 0;
			defaultConfigurationName = Release;
		};
/* End XCConfigurationList section */
	};
	rootObject = 927AF36527880B820018CC34 /* Project object */;
}
